
Microsoft Visual Studio Solution File, Format Version 12.00
# Visual Studio Version 17
VisualStudioVersion = 17.0.31903.59
MinimumVisualStudioVersion = 10.0.40219.1
Project("{FAE04EC0-301F-11D3-BF4B-00C04F79EFBC}") = "RealEstateStar.Api", "RealEstateStar.Api\RealEstateStar.Api.csproj", "{B0A384A7-326A-49B7-B0BF-D708CF21BBFC}"
EndProject
Project("{FAE04EC0-301F-11D3-BF4B-00C04F79EFBC}") = "RealEstateStar.Domain", "RealEstateStar.Domain\RealEstateStar.Domain.csproj", "{154AF417-18B9-40DE-8CB2-26598009D50F}"
EndProject
Project("{FAE04EC0-301F-11D3-BF4B-00C04F79EFBC}") = "RealEstateStar.Data", "RealEstateStar.Data\RealEstateStar.Data.csproj", "{7E229046-DBCF-4FED-AB6E-1BD28E436307}"
EndProject
Project("{FAE04EC0-301F-11D3-BF4B-00C04F79EFBC}") = "RealEstateStar.DataServices", "RealEstateStar.DataServices\RealEstateStar.DataServices.csproj", "{CD6AC6F0-50BF-4606-97C6-75D412959D98}"
EndProject
Project("{FAE04EC0-301F-11D3-BF4B-00C04F79EFBC}") = "RealEstateStar.Notifications", "RealEstateStar.Notifications\RealEstateStar.Notifications.csproj", "{77F18CDF-1A49-4BD3-A953-0FEE49AA27C5}"
EndProject
Project("{FAE04EC0-301F-11D3-BF4B-00C04F79EFBC}") = "RealEstateStar.Workers.Shared", "workers\RealEstateStar.Workers.Shared\RealEstateStar.Workers.Shared.csproj", "{B8508C5B-143C-4831-A179-2D3D3DA28484}"
EndProject
Project("{FAE04EC0-301F-11D3-BF4B-00C04F79EFBC}") = "RealEstateStar.Workers.Leads", "workers\RealEstateStar.Workers.Leads\RealEstateStar.Workers.Leads.csproj", "{3E28AD84-9645-4A69-9608-958F78B0980E}"
EndProject
Project("{FAE04EC0-301F-11D3-BF4B-00C04F79EFBC}") = "RealEstateStar.Workers.Cma", "workers\RealEstateStar.Workers.Cma\RealEstateStar.Workers.Cma.csproj", "{7EB2A8FE-ABD2-4D42-8981-4C1B5017F589}"
EndProject
Project("{FAE04EC0-301F-11D3-BF4B-00C04F79EFBC}") = "RealEstateStar.Workers.HomeSearch", "workers\RealEstateStar.Workers.HomeSearch\RealEstateStar.Workers.HomeSearch.csproj", "{30B83214-5BF6-4757-940D-5EB5A7CC2141}"
EndProject
Project("{FAE04EC0-301F-11D3-BF4B-00C04F79EFBC}") = "RealEstateStar.Workers.WhatsApp", "workers\RealEstateStar.Workers.WhatsApp\RealEstateStar.Workers.WhatsApp.csproj", "{D7D5C8BF-6113-4DE9-8B24-07AAA74F928A}"
EndProject
Project("{FAE04EC0-301F-11D3-BF4B-00C04F79EFBC}") = "RealEstateStar.Workers.Shared.Pdf", "workers\RealEstateStar.Workers.Shared.Pdf\RealEstateStar.Workers.Shared.Pdf.csproj", "{A1B2C3D4-E5F6-7890-ABCD-EF1234567890}"
EndProject
Project("{FAE04EC0-301F-11D3-BF4B-00C04F79EFBC}") = "RealEstateStar.Workers.Shared.LeadCommunicator", "workers\RealEstateStar.Workers.Shared.LeadCommunicator\RealEstateStar.Workers.Shared.LeadCommunicator.csproj", "{C2D3E4F5-A6B7-8901-BCDE-F12345678901}"
EndProject
Project("{FAE04EC0-301F-11D3-BF4B-00C04F79EFBC}") = "RealEstateStar.Clients.Anthropic", "clients\RealEstateStar.Clients.Anthropic\RealEstateStar.Clients.Anthropic.csproj", "{2B03F141-077F-4ED4-9B2F-68E573A5BE2D}"
EndProject
Project("{FAE04EC0-301F-11D3-BF4B-00C04F79EFBC}") = "RealEstateStar.Clients.Scraper", "clients\RealEstateStar.Clients.Scraper\RealEstateStar.Clients.Scraper.csproj", "{0330D39C-F1C8-4B5A-960A-813B9A97E717}"
EndProject
Project("{FAE04EC0-301F-11D3-BF4B-00C04F79EFBC}") = "RealEstateStar.Clients.WhatsApp", "clients\RealEstateStar.Clients.WhatsApp\RealEstateStar.Clients.WhatsApp.csproj", "{F1A9AA23-EE1D-4A63-9721-E5A6B040475C}"
EndProject
Project("{FAE04EC0-301F-11D3-BF4B-00C04F79EFBC}") = "RealEstateStar.Clients.GDrive", "clients\RealEstateStar.Clients.GDrive\RealEstateStar.Clients.GDrive.csproj", "{5BA04A0A-68B7-4FD4-91BD-6558B06BF300}"
EndProject
Project("{FAE04EC0-301F-11D3-BF4B-00C04F79EFBC}") = "RealEstateStar.Clients.Gmail", "clients\RealEstateStar.Clients.Gmail\RealEstateStar.Clients.Gmail.csproj", "{36D6CE80-30A3-49DE-8BB7-4C456256C412}"
EndProject
Project("{FAE04EC0-301F-11D3-BF4B-00C04F79EFBC}") = "RealEstateStar.Clients.GoogleOAuth", "clients\RealEstateStar.Clients.GoogleOAuth\RealEstateStar.Clients.GoogleOAuth.csproj", "{B0BF2C6A-F2E3-49BC-9905-E7A09E966C02}"
EndProject
Project("{FAE04EC0-301F-11D3-BF4B-00C04F79EFBC}") = "RealEstateStar.Clients.Stripe", "clients\RealEstateStar.Clients.Stripe\RealEstateStar.Clients.Stripe.csproj", "{800A6252-DD4E-4787-A7EC-7FB0188E560F}"
EndProject
Project("{FAE04EC0-301F-11D3-BF4B-00C04F79EFBC}") = "RealEstateStar.Clients.Cloudflare", "clients\RealEstateStar.Clients.Cloudflare\RealEstateStar.Clients.Cloudflare.csproj", "{EA6B78B3-E19E-4B81-81EB-FDE8EF1F6C8E}"
EndProject
Project("{FAE04EC0-301F-11D3-BF4B-00C04F79EFBC}") = "RealEstateStar.Clients.Turnstile", "clients\RealEstateStar.Clients.Turnstile\RealEstateStar.Clients.Turnstile.csproj", "{D3AA1528-33C2-42D0-8CFA-307AE920E964}"
EndProject
Project("{FAE04EC0-301F-11D3-BF4B-00C04F79EFBC}") = "RealEstateStar.Clients.Azure", "clients\RealEstateStar.Clients.Azure\RealEstateStar.Clients.Azure.csproj", "{D21ACCFF-293A-4432-AB54-ED653EC4D899}"
EndProject
Project("{FAE04EC0-301F-11D3-BF4B-00C04F79EFBC}") = "RealEstateStar.Clients.Gws", "clients\RealEstateStar.Clients.Gws\RealEstateStar.Clients.Gws.csproj", "{1FCB0E01-1410-43BC-A47A-D6C60EE486D1}"
EndProject
Project("{2150E333-8FDC-42A3-9474-1A3956D46DE8}") = "tests", "tests", "{0AB3BF05-4346-4AA6-1389-037BE0695223}"
EndProject
Project("{FAE04EC0-301F-11D3-BF4B-00C04F79EFBC}") = "RealEstateStar.Api.Tests", "tests\RealEstateStar.Api.Tests\RealEstateStar.Api.Tests.csproj", "{EDDF32BD-65A9-45FC-9724-E552532EBEAB}"
EndProject
Project("{FAE04EC0-301F-11D3-BF4B-00C04F79EFBC}") = "RealEstateStar.TestUtilities", "tests\RealEstateStar.TestUtilities\RealEstateStar.TestUtilities.csproj", "{416A798A-0BB7-48AF-9075-737BD228C9FE}"
EndProject
Project("{FAE04EC0-301F-11D3-BF4B-00C04F79EFBC}") = "RealEstateStar.Domain.Tests", "tests\RealEstateStar.Domain.Tests\RealEstateStar.Domain.Tests.csproj", "{2D46EDE2-95EC-4E63-82BE-872ECAB0871C}"
EndProject
Project("{FAE04EC0-301F-11D3-BF4B-00C04F79EFBC}") = "RealEstateStar.Data.Tests", "tests\RealEstateStar.Data.Tests\RealEstateStar.Data.Tests.csproj", "{D636314D-8198-4709-AB1D-D8376C58E225}"
EndProject
Project("{FAE04EC0-301F-11D3-BF4B-00C04F79EFBC}") = "RealEstateStar.DataServices.Tests", "tests\RealEstateStar.DataServices.Tests\RealEstateStar.DataServices.Tests.csproj", "{E221779E-04BC-44E7-862A-6F8B54B01961}"
EndProject
Project("{FAE04EC0-301F-11D3-BF4B-00C04F79EFBC}") = "RealEstateStar.Notifications.Tests", "tests\RealEstateStar.Notifications.Tests\RealEstateStar.Notifications.Tests.csproj", "{718E23F8-B711-4A3D-B0AE-32C626508B8D}"
EndProject
Project("{FAE04EC0-301F-11D3-BF4B-00C04F79EFBC}") = "RealEstateStar.Workers.Shared.Tests", "tests\workers\RealEstateStar.Workers.Shared.Tests\RealEstateStar.Workers.Shared.Tests.csproj", "{7CE5714D-549F-4B0A-B2BC-9900D8854807}"
EndProject
Project("{FAE04EC0-301F-11D3-BF4B-00C04F79EFBC}") = "RealEstateStar.Workers.Leads.Tests", "tests\workers\RealEstateStar.Workers.Leads.Tests\RealEstateStar.Workers.Leads.Tests.csproj", "{006E99E7-BB69-4644-9B02-B388B5CE3AE8}"
EndProject
Project("{FAE04EC0-301F-11D3-BF4B-00C04F79EFBC}") = "RealEstateStar.Workers.Cma.Tests", "tests\workers\RealEstateStar.Workers.Cma.Tests\RealEstateStar.Workers.Cma.Tests.csproj", "{072D999F-EB6C-43D8-9075-D05DC2E76549}"
EndProject
Project("{FAE04EC0-301F-11D3-BF4B-00C04F79EFBC}") = "RealEstateStar.Workers.HomeSearch.Tests", "tests\workers\RealEstateStar.Workers.HomeSearch.Tests\RealEstateStar.Workers.HomeSearch.Tests.csproj", "{43C2A6A9-FAC3-428F-A4F8-F4ED53A289CF}"
EndProject
Project("{FAE04EC0-301F-11D3-BF4B-00C04F79EFBC}") = "RealEstateStar.Workers.WhatsApp.Tests", "tests\workers\RealEstateStar.Workers.WhatsApp.Tests\RealEstateStar.Workers.WhatsApp.Tests.csproj", "{C9CFD2F1-9255-4DE0-9B16-9FAEFA0B449D}"
EndProject
Project("{FAE04EC0-301F-11D3-BF4B-00C04F79EFBC}") = "RealEstateStar.Workers.Shared.Pdf.Tests", "tests\workers\RealEstateStar.Workers.Shared.Pdf.Tests\RealEstateStar.Workers.Shared.Pdf.Tests.csproj", "{B9C8D7E6-F5A4-3210-FEDC-BA9876543210}"
EndProject
Project("{FAE04EC0-301F-11D3-BF4B-00C04F79EFBC}") = "RealEstateStar.Workers.Shared.LeadCommunicator.Tests", "tests\workers\RealEstateStar.Workers.Shared.LeadCommunicator.Tests\RealEstateStar.Workers.Shared.LeadCommunicator.Tests.csproj", "{D3E4F5A6-B7C8-9012-CDEF-123456789012}"
EndProject
Project("{FAE04EC0-301F-11D3-BF4B-00C04F79EFBC}") = "RealEstateStar.Clients.Anthropic.Tests", "tests\clients\RealEstateStar.Clients.Anthropic.Tests\RealEstateStar.Clients.Anthropic.Tests.csproj", "{0DC17474-732E-4CF8-9DAC-7976217855AC}"
EndProject
Project("{FAE04EC0-301F-11D3-BF4B-00C04F79EFBC}") = "RealEstateStar.Clients.Scraper.Tests", "tests\clients\RealEstateStar.Clients.Scraper.Tests\RealEstateStar.Clients.Scraper.Tests.csproj", "{7ECA3397-4005-49BB-B7EE-37FA25D2DAE9}"
EndProject
Project("{FAE04EC0-301F-11D3-BF4B-00C04F79EFBC}") = "RealEstateStar.Clients.WhatsApp.Tests", "tests\clients\RealEstateStar.Clients.WhatsApp.Tests\RealEstateStar.Clients.WhatsApp.Tests.csproj", "{3972C3A0-22AD-47E0-94A9-242479608AEE}"
EndProject
Project("{FAE04EC0-301F-11D3-BF4B-00C04F79EFBC}") = "RealEstateStar.Clients.GDrive.Tests", "tests\clients\RealEstateStar.Clients.GDrive.Tests\RealEstateStar.Clients.GDrive.Tests.csproj", "{578C5BFB-B2D3-4E85-AB7B-4C95EDDE3A96}"
EndProject
Project("{FAE04EC0-301F-11D3-BF4B-00C04F79EFBC}") = "RealEstateStar.Clients.Gmail.Tests", "tests\clients\RealEstateStar.Clients.Gmail.Tests\RealEstateStar.Clients.Gmail.Tests.csproj", "{4A3221D3-88A6-4C74-8C4C-76C0E5595F53}"
EndProject
Project("{FAE04EC0-301F-11D3-BF4B-00C04F79EFBC}") = "RealEstateStar.Clients.GoogleOAuth.Tests", "tests\clients\RealEstateStar.Clients.GoogleOAuth.Tests\RealEstateStar.Clients.GoogleOAuth.Tests.csproj", "{68DEC7BD-62A9-40F5-8214-9E910FFB6FB5}"
EndProject
Project("{FAE04EC0-301F-11D3-BF4B-00C04F79EFBC}") = "RealEstateStar.Clients.Stripe.Tests", "tests\clients\RealEstateStar.Clients.Stripe.Tests\RealEstateStar.Clients.Stripe.Tests.csproj", "{B9F1F200-580E-43F3-B057-1668803DC9C3}"
EndProject
Project("{FAE04EC0-301F-11D3-BF4B-00C04F79EFBC}") = "RealEstateStar.Clients.Cloudflare.Tests", "tests\clients\RealEstateStar.Clients.Cloudflare.Tests\RealEstateStar.Clients.Cloudflare.Tests.csproj", "{B93F5967-D5B3-4A58-88C3-46A58A2EB96D}"
EndProject
Project("{FAE04EC0-301F-11D3-BF4B-00C04F79EFBC}") = "RealEstateStar.Clients.Turnstile.Tests", "tests\clients\RealEstateStar.Clients.Turnstile.Tests\RealEstateStar.Clients.Turnstile.Tests.csproj", "{832F98A9-CF3E-481C-9E42-DC97D046CC0E}"
EndProject
Project("{FAE04EC0-301F-11D3-BF4B-00C04F79EFBC}") = "RealEstateStar.Clients.Azure.Tests", "tests\clients\RealEstateStar.Clients.Azure.Tests\RealEstateStar.Clients.Azure.Tests.csproj", "{F1597FA9-C571-4758-BB2F-8373CA33F9F6}"
EndProject
Project("{FAE04EC0-301F-11D3-BF4B-00C04F79EFBC}") = "RealEstateStar.Clients.Gws.Tests", "tests\clients\RealEstateStar.Clients.Gws.Tests\RealEstateStar.Clients.Gws.Tests.csproj", "{087AB3BF-66D9-412E-A8B8-9C34AD298BE7}"
EndProject
Project("{FAE04EC0-301F-11D3-BF4B-00C04F79EFBC}") = "RealEstateStar.Architecture.Tests", "tests\RealEstateStar.Architecture.Tests\RealEstateStar.Architecture.Tests.csproj", "{E72FE8D0-2AB0-4504-926E-2996B4669CCE}"
EndProject
Project("{FAE04EC0-301F-11D3-BF4B-00C04F79EFBC}") = "RealEstateStar.Clients.GDocs", "clients\RealEstateStar.Clients.GDocs\RealEstateStar.Clients.GDocs.csproj", "{A35A1AFB-ECD8-4E6A-804E-AB527414A61E}"
EndProject
Project("{FAE04EC0-301F-11D3-BF4B-00C04F79EFBC}") = "RealEstateStar.Clients.GDocs.Tests", "tests\clients\RealEstateStar.Clients.GDocs.Tests\RealEstateStar.Clients.GDocs.Tests.csproj", "{DB3F52F3-CEC6-490D-BDC6-0A9ECAD9A0E4}"
EndProject
Project("{FAE04EC0-301F-11D3-BF4B-00C04F79EFBC}") = "RealEstateStar.Clients.GSheets", "clients\RealEstateStar.Clients.GSheets\RealEstateStar.Clients.GSheets.csproj", "{8EA90285-256F-4DDE-8A29-264DAC234740}"
EndProject
Project("{FAE04EC0-301F-11D3-BF4B-00C04F79EFBC}") = "RealEstateStar.Clients.GSheets.Tests", "tests\clients\RealEstateStar.Clients.GSheets.Tests\RealEstateStar.Clients.GSheets.Tests.csproj", "{7A7DD4DB-3EE5-497D-8A1F-AA5C49D8A804}"
EndProject
Project("{FAE04EC0-301F-11D3-BF4B-00C04F79EFBC}") = "RealEstateStar.Clients.RentCast", "clients\RealEstateStar.Clients.RentCast\RealEstateStar.Clients.RentCast.csproj", "{6EBEDF00-FD11-41EA-883B-0B1324CE2CB9}"
EndProject
Project("{FAE04EC0-301F-11D3-BF4B-00C04F79EFBC}") = "RealEstateStar.Clients.RentCast.Tests", "tests\clients\RealEstateStar.Clients.RentCast.Tests\RealEstateStar.Clients.RentCast.Tests.csproj", "{AD5584F3-8777-448B-ACFC-BD75DC94D3D8}"
EndProject
Project("{2150E333-8FDC-42A3-9474-1A3956D46DE8}") = "workers", "workers", "{20543853-AF10-B830-2A3D-9FE9F6ECBF6C}"
EndProject
Project("{FAE04EC0-301F-11D3-BF4B-00C04F79EFBC}") = "RealEstateStar.Workers.Shared.AgentNotifier", "workers\RealEstateStar.Workers.Shared.AgentNotifier\RealEstateStar.Workers.Shared.AgentNotifier.csproj", "{90606621-4FBA-4384-B8CC-3EDBC5069C84}"
EndProject
Project("{2150E333-8FDC-42A3-9474-1A3956D46DE8}") = "workers", "workers", "{1E6E9A48-20C7-2EF8-D783-8F716E272376}"
EndProject
Project("{FAE04EC0-301F-11D3-BF4B-00C04F79EFBC}") = "RealEstateStar.Workers.Shared.AgentNotifier.Tests", "tests\workers\RealEstateStar.Workers.Shared.AgentNotifier.Tests\RealEstateStar.Workers.Shared.AgentNotifier.Tests.csproj", "{77A30494-63D5-42DD-9EF0-6EBD18712E40}"
EndProject
Global
	GlobalSection(SolutionConfigurationPlatforms) = preSolution
		Debug|Any CPU = Debug|Any CPU
		Debug|x64 = Debug|x64
		Debug|x86 = Debug|x86
		Release|Any CPU = Release|Any CPU
		Release|x64 = Release|x64
		Release|x86 = Release|x86
	EndGlobalSection
	GlobalSection(ProjectConfigurationPlatforms) = postSolution
		{B0A384A7-326A-49B7-B0BF-D708CF21BBFC}.Debug|Any CPU.ActiveCfg = Debug|Any CPU
		{B0A384A7-326A-49B7-B0BF-D708CF21BBFC}.Debug|Any CPU.Build.0 = Debug|Any CPU
		{B0A384A7-326A-49B7-B0BF-D708CF21BBFC}.Debug|x64.ActiveCfg = Debug|Any CPU
		{B0A384A7-326A-49B7-B0BF-D708CF21BBFC}.Debug|x64.Build.0 = Debug|Any CPU
		{B0A384A7-326A-49B7-B0BF-D708CF21BBFC}.Debug|x86.ActiveCfg = Debug|Any CPU
		{B0A384A7-326A-49B7-B0BF-D708CF21BBFC}.Debug|x86.Build.0 = Debug|Any CPU
		{B0A384A7-326A-49B7-B0BF-D708CF21BBFC}.Release|Any CPU.ActiveCfg = Release|Any CPU
		{B0A384A7-326A-49B7-B0BF-D708CF21BBFC}.Release|Any CPU.Build.0 = Release|Any CPU
		{B0A384A7-326A-49B7-B0BF-D708CF21BBFC}.Release|x64.ActiveCfg = Release|Any CPU
		{B0A384A7-326A-49B7-B0BF-D708CF21BBFC}.Release|x64.Build.0 = Release|Any CPU
		{B0A384A7-326A-49B7-B0BF-D708CF21BBFC}.Release|x86.ActiveCfg = Release|Any CPU
		{B0A384A7-326A-49B7-B0BF-D708CF21BBFC}.Release|x86.Build.0 = Release|Any CPU
		{154AF417-18B9-40DE-8CB2-26598009D50F}.Debug|Any CPU.ActiveCfg = Debug|Any CPU
		{154AF417-18B9-40DE-8CB2-26598009D50F}.Debug|Any CPU.Build.0 = Debug|Any CPU
		{154AF417-18B9-40DE-8CB2-26598009D50F}.Debug|x64.ActiveCfg = Debug|Any CPU
		{154AF417-18B9-40DE-8CB2-26598009D50F}.Debug|x64.Build.0 = Debug|Any CPU
		{154AF417-18B9-40DE-8CB2-26598009D50F}.Debug|x86.ActiveCfg = Debug|Any CPU
		{154AF417-18B9-40DE-8CB2-26598009D50F}.Debug|x86.Build.0 = Debug|Any CPU
		{154AF417-18B9-40DE-8CB2-26598009D50F}.Release|Any CPU.ActiveCfg = Release|Any CPU
		{154AF417-18B9-40DE-8CB2-26598009D50F}.Release|Any CPU.Build.0 = Release|Any CPU
		{154AF417-18B9-40DE-8CB2-26598009D50F}.Release|x64.ActiveCfg = Release|Any CPU
		{154AF417-18B9-40DE-8CB2-26598009D50F}.Release|x64.Build.0 = Release|Any CPU
		{154AF417-18B9-40DE-8CB2-26598009D50F}.Release|x86.ActiveCfg = Release|Any CPU
		{154AF417-18B9-40DE-8CB2-26598009D50F}.Release|x86.Build.0 = Release|Any CPU
		{7E229046-DBCF-4FED-AB6E-1BD28E436307}.Debug|Any CPU.ActiveCfg = Debug|Any CPU
		{7E229046-DBCF-4FED-AB6E-1BD28E436307}.Debug|Any CPU.Build.0 = Debug|Any CPU
		{7E229046-DBCF-4FED-AB6E-1BD28E436307}.Debug|x64.ActiveCfg = Debug|Any CPU
		{7E229046-DBCF-4FED-AB6E-1BD28E436307}.Debug|x64.Build.0 = Debug|Any CPU
		{7E229046-DBCF-4FED-AB6E-1BD28E436307}.Debug|x86.ActiveCfg = Debug|Any CPU
		{7E229046-DBCF-4FED-AB6E-1BD28E436307}.Debug|x86.Build.0 = Debug|Any CPU
		{7E229046-DBCF-4FED-AB6E-1BD28E436307}.Release|Any CPU.ActiveCfg = Release|Any CPU
		{7E229046-DBCF-4FED-AB6E-1BD28E436307}.Release|Any CPU.Build.0 = Release|Any CPU
		{7E229046-DBCF-4FED-AB6E-1BD28E436307}.Release|x64.ActiveCfg = Release|Any CPU
		{7E229046-DBCF-4FED-AB6E-1BD28E436307}.Release|x64.Build.0 = Release|Any CPU
		{7E229046-DBCF-4FED-AB6E-1BD28E436307}.Release|x86.ActiveCfg = Release|Any CPU
		{7E229046-DBCF-4FED-AB6E-1BD28E436307}.Release|x86.Build.0 = Release|Any CPU
		{CD6AC6F0-50BF-4606-97C6-75D412959D98}.Debug|Any CPU.ActiveCfg = Debug|Any CPU
		{CD6AC6F0-50BF-4606-97C6-75D412959D98}.Debug|Any CPU.Build.0 = Debug|Any CPU
		{CD6AC6F0-50BF-4606-97C6-75D412959D98}.Debug|x64.ActiveCfg = Debug|Any CPU
		{CD6AC6F0-50BF-4606-97C6-75D412959D98}.Debug|x64.Build.0 = Debug|Any CPU
		{CD6AC6F0-50BF-4606-97C6-75D412959D98}.Debug|x86.ActiveCfg = Debug|Any CPU
		{CD6AC6F0-50BF-4606-97C6-75D412959D98}.Debug|x86.Build.0 = Debug|Any CPU
		{CD6AC6F0-50BF-4606-97C6-75D412959D98}.Release|Any CPU.ActiveCfg = Release|Any CPU
		{CD6AC6F0-50BF-4606-97C6-75D412959D98}.Release|Any CPU.Build.0 = Release|Any CPU
		{CD6AC6F0-50BF-4606-97C6-75D412959D98}.Release|x64.ActiveCfg = Release|Any CPU
		{CD6AC6F0-50BF-4606-97C6-75D412959D98}.Release|x64.Build.0 = Release|Any CPU
		{CD6AC6F0-50BF-4606-97C6-75D412959D98}.Release|x86.ActiveCfg = Release|Any CPU
		{CD6AC6F0-50BF-4606-97C6-75D412959D98}.Release|x86.Build.0 = Release|Any CPU
		{77F18CDF-1A49-4BD3-A953-0FEE49AA27C5}.Debug|Any CPU.ActiveCfg = Debug|Any CPU
		{77F18CDF-1A49-4BD3-A953-0FEE49AA27C5}.Debug|Any CPU.Build.0 = Debug|Any CPU
		{77F18CDF-1A49-4BD3-A953-0FEE49AA27C5}.Debug|x64.ActiveCfg = Debug|Any CPU
		{77F18CDF-1A49-4BD3-A953-0FEE49AA27C5}.Debug|x64.Build.0 = Debug|Any CPU
		{77F18CDF-1A49-4BD3-A953-0FEE49AA27C5}.Debug|x86.ActiveCfg = Debug|Any CPU
		{77F18CDF-1A49-4BD3-A953-0FEE49AA27C5}.Debug|x86.Build.0 = Debug|Any CPU
		{77F18CDF-1A49-4BD3-A953-0FEE49AA27C5}.Release|Any CPU.ActiveCfg = Release|Any CPU
		{77F18CDF-1A49-4BD3-A953-0FEE49AA27C5}.Release|Any CPU.Build.0 = Release|Any CPU
		{77F18CDF-1A49-4BD3-A953-0FEE49AA27C5}.Release|x64.ActiveCfg = Release|Any CPU
		{77F18CDF-1A49-4BD3-A953-0FEE49AA27C5}.Release|x64.Build.0 = Release|Any CPU
		{77F18CDF-1A49-4BD3-A953-0FEE49AA27C5}.Release|x86.ActiveCfg = Release|Any CPU
		{77F18CDF-1A49-4BD3-A953-0FEE49AA27C5}.Release|x86.Build.0 = Release|Any CPU
		{B8508C5B-143C-4831-A179-2D3D3DA28484}.Debug|Any CPU.ActiveCfg = Debug|Any CPU
		{B8508C5B-143C-4831-A179-2D3D3DA28484}.Debug|Any CPU.Build.0 = Debug|Any CPU
		{B8508C5B-143C-4831-A179-2D3D3DA28484}.Debug|x64.ActiveCfg = Debug|Any CPU
		{B8508C5B-143C-4831-A179-2D3D3DA28484}.Debug|x64.Build.0 = Debug|Any CPU
		{B8508C5B-143C-4831-A179-2D3D3DA28484}.Debug|x86.ActiveCfg = Debug|Any CPU
		{B8508C5B-143C-4831-A179-2D3D3DA28484}.Debug|x86.Build.0 = Debug|Any CPU
		{B8508C5B-143C-4831-A179-2D3D3DA28484}.Release|Any CPU.ActiveCfg = Release|Any CPU
		{B8508C5B-143C-4831-A179-2D3D3DA28484}.Release|Any CPU.Build.0 = Release|Any CPU
		{B8508C5B-143C-4831-A179-2D3D3DA28484}.Release|x64.ActiveCfg = Release|Any CPU
		{B8508C5B-143C-4831-A179-2D3D3DA28484}.Release|x64.Build.0 = Release|Any CPU
		{B8508C5B-143C-4831-A179-2D3D3DA28484}.Release|x86.ActiveCfg = Release|Any CPU
		{B8508C5B-143C-4831-A179-2D3D3DA28484}.Release|x86.Build.0 = Release|Any CPU
		{3E28AD84-9645-4A69-9608-958F78B0980E}.Debug|Any CPU.ActiveCfg = Debug|Any CPU
		{3E28AD84-9645-4A69-9608-958F78B0980E}.Debug|Any CPU.Build.0 = Debug|Any CPU
		{3E28AD84-9645-4A69-9608-958F78B0980E}.Debug|x64.ActiveCfg = Debug|Any CPU
		{3E28AD84-9645-4A69-9608-958F78B0980E}.Debug|x64.Build.0 = Debug|Any CPU
		{3E28AD84-9645-4A69-9608-958F78B0980E}.Debug|x86.ActiveCfg = Debug|Any CPU
		{3E28AD84-9645-4A69-9608-958F78B0980E}.Debug|x86.Build.0 = Debug|Any CPU
		{3E28AD84-9645-4A69-9608-958F78B0980E}.Release|Any CPU.ActiveCfg = Release|Any CPU
		{3E28AD84-9645-4A69-9608-958F78B0980E}.Release|Any CPU.Build.0 = Release|Any CPU
		{3E28AD84-9645-4A69-9608-958F78B0980E}.Release|x64.ActiveCfg = Release|Any CPU
		{3E28AD84-9645-4A69-9608-958F78B0980E}.Release|x64.Build.0 = Release|Any CPU
		{3E28AD84-9645-4A69-9608-958F78B0980E}.Release|x86.ActiveCfg = Release|Any CPU
		{3E28AD84-9645-4A69-9608-958F78B0980E}.Release|x86.Build.0 = Release|Any CPU
		{7EB2A8FE-ABD2-4D42-8981-4C1B5017F589}.Debug|Any CPU.ActiveCfg = Debug|Any CPU
		{7EB2A8FE-ABD2-4D42-8981-4C1B5017F589}.Debug|Any CPU.Build.0 = Debug|Any CPU
		{7EB2A8FE-ABD2-4D42-8981-4C1B5017F589}.Debug|x64.ActiveCfg = Debug|Any CPU
		{7EB2A8FE-ABD2-4D42-8981-4C1B5017F589}.Debug|x64.Build.0 = Debug|Any CPU
		{7EB2A8FE-ABD2-4D42-8981-4C1B5017F589}.Debug|x86.ActiveCfg = Debug|Any CPU
		{7EB2A8FE-ABD2-4D42-8981-4C1B5017F589}.Debug|x86.Build.0 = Debug|Any CPU
		{7EB2A8FE-ABD2-4D42-8981-4C1B5017F589}.Release|Any CPU.ActiveCfg = Release|Any CPU
		{7EB2A8FE-ABD2-4D42-8981-4C1B5017F589}.Release|Any CPU.Build.0 = Release|Any CPU
		{7EB2A8FE-ABD2-4D42-8981-4C1B5017F589}.Release|x64.ActiveCfg = Release|Any CPU
		{7EB2A8FE-ABD2-4D42-8981-4C1B5017F589}.Release|x64.Build.0 = Release|Any CPU
		{7EB2A8FE-ABD2-4D42-8981-4C1B5017F589}.Release|x86.ActiveCfg = Release|Any CPU
		{7EB2A8FE-ABD2-4D42-8981-4C1B5017F589}.Release|x86.Build.0 = Release|Any CPU
		{30B83214-5BF6-4757-940D-5EB5A7CC2141}.Debug|Any CPU.ActiveCfg = Debug|Any CPU
		{30B83214-5BF6-4757-940D-5EB5A7CC2141}.Debug|Any CPU.Build.0 = Debug|Any CPU
		{30B83214-5BF6-4757-940D-5EB5A7CC2141}.Debug|x64.ActiveCfg = Debug|Any CPU
		{30B83214-5BF6-4757-940D-5EB5A7CC2141}.Debug|x64.Build.0 = Debug|Any CPU
		{30B83214-5BF6-4757-940D-5EB5A7CC2141}.Debug|x86.ActiveCfg = Debug|Any CPU
		{30B83214-5BF6-4757-940D-5EB5A7CC2141}.Debug|x86.Build.0 = Debug|Any CPU
		{30B83214-5BF6-4757-940D-5EB5A7CC2141}.Release|Any CPU.ActiveCfg = Release|Any CPU
		{30B83214-5BF6-4757-940D-5EB5A7CC2141}.Release|Any CPU.Build.0 = Release|Any CPU
		{30B83214-5BF6-4757-940D-5EB5A7CC2141}.Release|x64.ActiveCfg = Release|Any CPU
		{30B83214-5BF6-4757-940D-5EB5A7CC2141}.Release|x64.Build.0 = Release|Any CPU
		{30B83214-5BF6-4757-940D-5EB5A7CC2141}.Release|x86.ActiveCfg = Release|Any CPU
		{30B83214-5BF6-4757-940D-5EB5A7CC2141}.Release|x86.Build.0 = Release|Any CPU
		{D7D5C8BF-6113-4DE9-8B24-07AAA74F928A}.Debug|Any CPU.ActiveCfg = Debug|Any CPU
		{D7D5C8BF-6113-4DE9-8B24-07AAA74F928A}.Debug|Any CPU.Build.0 = Debug|Any CPU
		{D7D5C8BF-6113-4DE9-8B24-07AAA74F928A}.Debug|x64.ActiveCfg = Debug|Any CPU
		{D7D5C8BF-6113-4DE9-8B24-07AAA74F928A}.Debug|x64.Build.0 = Debug|Any CPU
		{D7D5C8BF-6113-4DE9-8B24-07AAA74F928A}.Debug|x86.ActiveCfg = Debug|Any CPU
		{D7D5C8BF-6113-4DE9-8B24-07AAA74F928A}.Debug|x86.Build.0 = Debug|Any CPU
		{D7D5C8BF-6113-4DE9-8B24-07AAA74F928A}.Release|Any CPU.ActiveCfg = Release|Any CPU
		{D7D5C8BF-6113-4DE9-8B24-07AAA74F928A}.Release|Any CPU.Build.0 = Release|Any CPU
		{D7D5C8BF-6113-4DE9-8B24-07AAA74F928A}.Release|x64.ActiveCfg = Release|Any CPU
		{D7D5C8BF-6113-4DE9-8B24-07AAA74F928A}.Release|x64.Build.0 = Release|Any CPU
		{D7D5C8BF-6113-4DE9-8B24-07AAA74F928A}.Release|x86.ActiveCfg = Release|Any CPU
		{D7D5C8BF-6113-4DE9-8B24-07AAA74F928A}.Release|x86.Build.0 = Release|Any CPU
		{2B03F141-077F-4ED4-9B2F-68E573A5BE2D}.Debug|Any CPU.ActiveCfg = Debug|Any CPU
		{2B03F141-077F-4ED4-9B2F-68E573A5BE2D}.Debug|Any CPU.Build.0 = Debug|Any CPU
		{2B03F141-077F-4ED4-9B2F-68E573A5BE2D}.Debug|x64.ActiveCfg = Debug|Any CPU
		{2B03F141-077F-4ED4-9B2F-68E573A5BE2D}.Debug|x64.Build.0 = Debug|Any CPU
		{2B03F141-077F-4ED4-9B2F-68E573A5BE2D}.Debug|x86.ActiveCfg = Debug|Any CPU
		{2B03F141-077F-4ED4-9B2F-68E573A5BE2D}.Debug|x86.Build.0 = Debug|Any CPU
		{2B03F141-077F-4ED4-9B2F-68E573A5BE2D}.Release|Any CPU.ActiveCfg = Release|Any CPU
		{2B03F141-077F-4ED4-9B2F-68E573A5BE2D}.Release|Any CPU.Build.0 = Release|Any CPU
		{2B03F141-077F-4ED4-9B2F-68E573A5BE2D}.Release|x64.ActiveCfg = Release|Any CPU
		{2B03F141-077F-4ED4-9B2F-68E573A5BE2D}.Release|x64.Build.0 = Release|Any CPU
		{2B03F141-077F-4ED4-9B2F-68E573A5BE2D}.Release|x86.ActiveCfg = Release|Any CPU
		{2B03F141-077F-4ED4-9B2F-68E573A5BE2D}.Release|x86.Build.0 = Release|Any CPU
		{0330D39C-F1C8-4B5A-960A-813B9A97E717}.Debug|Any CPU.ActiveCfg = Debug|Any CPU
		{0330D39C-F1C8-4B5A-960A-813B9A97E717}.Debug|Any CPU.Build.0 = Debug|Any CPU
		{0330D39C-F1C8-4B5A-960A-813B9A97E717}.Debug|x64.ActiveCfg = Debug|Any CPU
		{0330D39C-F1C8-4B5A-960A-813B9A97E717}.Debug|x64.Build.0 = Debug|Any CPU
		{0330D39C-F1C8-4B5A-960A-813B9A97E717}.Debug|x86.ActiveCfg = Debug|Any CPU
		{0330D39C-F1C8-4B5A-960A-813B9A97E717}.Debug|x86.Build.0 = Debug|Any CPU
		{0330D39C-F1C8-4B5A-960A-813B9A97E717}.Release|Any CPU.ActiveCfg = Release|Any CPU
		{0330D39C-F1C8-4B5A-960A-813B9A97E717}.Release|Any CPU.Build.0 = Release|Any CPU
		{0330D39C-F1C8-4B5A-960A-813B9A97E717}.Release|x64.ActiveCfg = Release|Any CPU
		{0330D39C-F1C8-4B5A-960A-813B9A97E717}.Release|x64.Build.0 = Release|Any CPU
		{0330D39C-F1C8-4B5A-960A-813B9A97E717}.Release|x86.ActiveCfg = Release|Any CPU
		{0330D39C-F1C8-4B5A-960A-813B9A97E717}.Release|x86.Build.0 = Release|Any CPU
		{F1A9AA23-EE1D-4A63-9721-E5A6B040475C}.Debug|Any CPU.ActiveCfg = Debug|Any CPU
		{F1A9AA23-EE1D-4A63-9721-E5A6B040475C}.Debug|Any CPU.Build.0 = Debug|Any CPU
		{F1A9AA23-EE1D-4A63-9721-E5A6B040475C}.Debug|x64.ActiveCfg = Debug|Any CPU
		{F1A9AA23-EE1D-4A63-9721-E5A6B040475C}.Debug|x64.Build.0 = Debug|Any CPU
		{F1A9AA23-EE1D-4A63-9721-E5A6B040475C}.Debug|x86.ActiveCfg = Debug|Any CPU
		{F1A9AA23-EE1D-4A63-9721-E5A6B040475C}.Debug|x86.Build.0 = Debug|Any CPU
		{F1A9AA23-EE1D-4A63-9721-E5A6B040475C}.Release|Any CPU.ActiveCfg = Release|Any CPU
		{F1A9AA23-EE1D-4A63-9721-E5A6B040475C}.Release|Any CPU.Build.0 = Release|Any CPU
		{F1A9AA23-EE1D-4A63-9721-E5A6B040475C}.Release|x64.ActiveCfg = Release|Any CPU
		{F1A9AA23-EE1D-4A63-9721-E5A6B040475C}.Release|x64.Build.0 = Release|Any CPU
		{F1A9AA23-EE1D-4A63-9721-E5A6B040475C}.Release|x86.ActiveCfg = Release|Any CPU
		{F1A9AA23-EE1D-4A63-9721-E5A6B040475C}.Release|x86.Build.0 = Release|Any CPU
		{5BA04A0A-68B7-4FD4-91BD-6558B06BF300}.Debug|Any CPU.ActiveCfg = Debug|Any CPU
		{5BA04A0A-68B7-4FD4-91BD-6558B06BF300}.Debug|Any CPU.Build.0 = Debug|Any CPU
		{5BA04A0A-68B7-4FD4-91BD-6558B06BF300}.Debug|x64.ActiveCfg = Debug|Any CPU
		{5BA04A0A-68B7-4FD4-91BD-6558B06BF300}.Debug|x64.Build.0 = Debug|Any CPU
		{5BA04A0A-68B7-4FD4-91BD-6558B06BF300}.Debug|x86.ActiveCfg = Debug|Any CPU
		{5BA04A0A-68B7-4FD4-91BD-6558B06BF300}.Debug|x86.Build.0 = Debug|Any CPU
		{5BA04A0A-68B7-4FD4-91BD-6558B06BF300}.Release|Any CPU.ActiveCfg = Release|Any CPU
		{5BA04A0A-68B7-4FD4-91BD-6558B06BF300}.Release|Any CPU.Build.0 = Release|Any CPU
		{5BA04A0A-68B7-4FD4-91BD-6558B06BF300}.Release|x64.ActiveCfg = Release|Any CPU
		{5BA04A0A-68B7-4FD4-91BD-6558B06BF300}.Release|x64.Build.0 = Release|Any CPU
		{5BA04A0A-68B7-4FD4-91BD-6558B06BF300}.Release|x86.ActiveCfg = Release|Any CPU
		{5BA04A0A-68B7-4FD4-91BD-6558B06BF300}.Release|x86.Build.0 = Release|Any CPU
		{36D6CE80-30A3-49DE-8BB7-4C456256C412}.Debug|Any CPU.ActiveCfg = Debug|Any CPU
		{36D6CE80-30A3-49DE-8BB7-4C456256C412}.Debug|Any CPU.Build.0 = Debug|Any CPU
		{36D6CE80-30A3-49DE-8BB7-4C456256C412}.Debug|x64.ActiveCfg = Debug|Any CPU
		{36D6CE80-30A3-49DE-8BB7-4C456256C412}.Debug|x64.Build.0 = Debug|Any CPU
		{36D6CE80-30A3-49DE-8BB7-4C456256C412}.Debug|x86.ActiveCfg = Debug|Any CPU
		{36D6CE80-30A3-49DE-8BB7-4C456256C412}.Debug|x86.Build.0 = Debug|Any CPU
		{36D6CE80-30A3-49DE-8BB7-4C456256C412}.Release|Any CPU.ActiveCfg = Release|Any CPU
		{36D6CE80-30A3-49DE-8BB7-4C456256C412}.Release|Any CPU.Build.0 = Release|Any CPU
		{36D6CE80-30A3-49DE-8BB7-4C456256C412}.Release|x64.ActiveCfg = Release|Any CPU
		{36D6CE80-30A3-49DE-8BB7-4C456256C412}.Release|x64.Build.0 = Release|Any CPU
		{36D6CE80-30A3-49DE-8BB7-4C456256C412}.Release|x86.ActiveCfg = Release|Any CPU
		{36D6CE80-30A3-49DE-8BB7-4C456256C412}.Release|x86.Build.0 = Release|Any CPU
		{B0BF2C6A-F2E3-49BC-9905-E7A09E966C02}.Debug|Any CPU.ActiveCfg = Debug|Any CPU
		{B0BF2C6A-F2E3-49BC-9905-E7A09E966C02}.Debug|Any CPU.Build.0 = Debug|Any CPU
		{B0BF2C6A-F2E3-49BC-9905-E7A09E966C02}.Debug|x64.ActiveCfg = Debug|Any CPU
		{B0BF2C6A-F2E3-49BC-9905-E7A09E966C02}.Debug|x64.Build.0 = Debug|Any CPU
		{B0BF2C6A-F2E3-49BC-9905-E7A09E966C02}.Debug|x86.ActiveCfg = Debug|Any CPU
		{B0BF2C6A-F2E3-49BC-9905-E7A09E966C02}.Debug|x86.Build.0 = Debug|Any CPU
		{B0BF2C6A-F2E3-49BC-9905-E7A09E966C02}.Release|Any CPU.ActiveCfg = Release|Any CPU
		{B0BF2C6A-F2E3-49BC-9905-E7A09E966C02}.Release|Any CPU.Build.0 = Release|Any CPU
		{B0BF2C6A-F2E3-49BC-9905-E7A09E966C02}.Release|x64.ActiveCfg = Release|Any CPU
		{B0BF2C6A-F2E3-49BC-9905-E7A09E966C02}.Release|x64.Build.0 = Release|Any CPU
		{B0BF2C6A-F2E3-49BC-9905-E7A09E966C02}.Release|x86.ActiveCfg = Release|Any CPU
		{B0BF2C6A-F2E3-49BC-9905-E7A09E966C02}.Release|x86.Build.0 = Release|Any CPU
		{800A6252-DD4E-4787-A7EC-7FB0188E560F}.Debug|Any CPU.ActiveCfg = Debug|Any CPU
		{800A6252-DD4E-4787-A7EC-7FB0188E560F}.Debug|Any CPU.Build.0 = Debug|Any CPU
		{800A6252-DD4E-4787-A7EC-7FB0188E560F}.Debug|x64.ActiveCfg = Debug|Any CPU
		{800A6252-DD4E-4787-A7EC-7FB0188E560F}.Debug|x64.Build.0 = Debug|Any CPU
		{800A6252-DD4E-4787-A7EC-7FB0188E560F}.Debug|x86.ActiveCfg = Debug|Any CPU
		{800A6252-DD4E-4787-A7EC-7FB0188E560F}.Debug|x86.Build.0 = Debug|Any CPU
		{800A6252-DD4E-4787-A7EC-7FB0188E560F}.Release|Any CPU.ActiveCfg = Release|Any CPU
		{800A6252-DD4E-4787-A7EC-7FB0188E560F}.Release|Any CPU.Build.0 = Release|Any CPU
		{800A6252-DD4E-4787-A7EC-7FB0188E560F}.Release|x64.ActiveCfg = Release|Any CPU
		{800A6252-DD4E-4787-A7EC-7FB0188E560F}.Release|x64.Build.0 = Release|Any CPU
		{800A6252-DD4E-4787-A7EC-7FB0188E560F}.Release|x86.ActiveCfg = Release|Any CPU
		{800A6252-DD4E-4787-A7EC-7FB0188E560F}.Release|x86.Build.0 = Release|Any CPU
		{EA6B78B3-E19E-4B81-81EB-FDE8EF1F6C8E}.Debug|Any CPU.ActiveCfg = Debug|Any CPU
		{EA6B78B3-E19E-4B81-81EB-FDE8EF1F6C8E}.Debug|Any CPU.Build.0 = Debug|Any CPU
		{EA6B78B3-E19E-4B81-81EB-FDE8EF1F6C8E}.Debug|x64.ActiveCfg = Debug|Any CPU
		{EA6B78B3-E19E-4B81-81EB-FDE8EF1F6C8E}.Debug|x64.Build.0 = Debug|Any CPU
		{EA6B78B3-E19E-4B81-81EB-FDE8EF1F6C8E}.Debug|x86.ActiveCfg = Debug|Any CPU
		{EA6B78B3-E19E-4B81-81EB-FDE8EF1F6C8E}.Debug|x86.Build.0 = Debug|Any CPU
		{EA6B78B3-E19E-4B81-81EB-FDE8EF1F6C8E}.Release|Any CPU.ActiveCfg = Release|Any CPU
		{EA6B78B3-E19E-4B81-81EB-FDE8EF1F6C8E}.Release|Any CPU.Build.0 = Release|Any CPU
		{EA6B78B3-E19E-4B81-81EB-FDE8EF1F6C8E}.Release|x64.ActiveCfg = Release|Any CPU
		{EA6B78B3-E19E-4B81-81EB-FDE8EF1F6C8E}.Release|x64.Build.0 = Release|Any CPU
		{EA6B78B3-E19E-4B81-81EB-FDE8EF1F6C8E}.Release|x86.ActiveCfg = Release|Any CPU
		{EA6B78B3-E19E-4B81-81EB-FDE8EF1F6C8E}.Release|x86.Build.0 = Release|Any CPU
		{D3AA1528-33C2-42D0-8CFA-307AE920E964}.Debug|Any CPU.ActiveCfg = Debug|Any CPU
		{D3AA1528-33C2-42D0-8CFA-307AE920E964}.Debug|Any CPU.Build.0 = Debug|Any CPU
		{D3AA1528-33C2-42D0-8CFA-307AE920E964}.Debug|x64.ActiveCfg = Debug|Any CPU
		{D3AA1528-33C2-42D0-8CFA-307AE920E964}.Debug|x64.Build.0 = Debug|Any CPU
		{D3AA1528-33C2-42D0-8CFA-307AE920E964}.Debug|x86.ActiveCfg = Debug|Any CPU
		{D3AA1528-33C2-42D0-8CFA-307AE920E964}.Debug|x86.Build.0 = Debug|Any CPU
		{D3AA1528-33C2-42D0-8CFA-307AE920E964}.Release|Any CPU.ActiveCfg = Release|Any CPU
		{D3AA1528-33C2-42D0-8CFA-307AE920E964}.Release|Any CPU.Build.0 = Release|Any CPU
		{D3AA1528-33C2-42D0-8CFA-307AE920E964}.Release|x64.ActiveCfg = Release|Any CPU
		{D3AA1528-33C2-42D0-8CFA-307AE920E964}.Release|x64.Build.0 = Release|Any CPU
		{D3AA1528-33C2-42D0-8CFA-307AE920E964}.Release|x86.ActiveCfg = Release|Any CPU
		{D3AA1528-33C2-42D0-8CFA-307AE920E964}.Release|x86.Build.0 = Release|Any CPU
		{D21ACCFF-293A-4432-AB54-ED653EC4D899}.Debug|Any CPU.ActiveCfg = Debug|Any CPU
		{D21ACCFF-293A-4432-AB54-ED653EC4D899}.Debug|Any CPU.Build.0 = Debug|Any CPU
		{D21ACCFF-293A-4432-AB54-ED653EC4D899}.Debug|x64.ActiveCfg = Debug|Any CPU
		{D21ACCFF-293A-4432-AB54-ED653EC4D899}.Debug|x64.Build.0 = Debug|Any CPU
		{D21ACCFF-293A-4432-AB54-ED653EC4D899}.Debug|x86.ActiveCfg = Debug|Any CPU
		{D21ACCFF-293A-4432-AB54-ED653EC4D899}.Debug|x86.Build.0 = Debug|Any CPU
		{D21ACCFF-293A-4432-AB54-ED653EC4D899}.Release|Any CPU.ActiveCfg = Release|Any CPU
		{D21ACCFF-293A-4432-AB54-ED653EC4D899}.Release|Any CPU.Build.0 = Release|Any CPU
		{D21ACCFF-293A-4432-AB54-ED653EC4D899}.Release|x64.ActiveCfg = Release|Any CPU
		{D21ACCFF-293A-4432-AB54-ED653EC4D899}.Release|x64.Build.0 = Release|Any CPU
		{D21ACCFF-293A-4432-AB54-ED653EC4D899}.Release|x86.ActiveCfg = Release|Any CPU
		{D21ACCFF-293A-4432-AB54-ED653EC4D899}.Release|x86.Build.0 = Release|Any CPU
		{1FCB0E01-1410-43BC-A47A-D6C60EE486D1}.Debug|Any CPU.ActiveCfg = Debug|Any CPU
		{1FCB0E01-1410-43BC-A47A-D6C60EE486D1}.Debug|Any CPU.Build.0 = Debug|Any CPU
		{1FCB0E01-1410-43BC-A47A-D6C60EE486D1}.Debug|x64.ActiveCfg = Debug|Any CPU
		{1FCB0E01-1410-43BC-A47A-D6C60EE486D1}.Debug|x64.Build.0 = Debug|Any CPU
		{1FCB0E01-1410-43BC-A47A-D6C60EE486D1}.Debug|x86.ActiveCfg = Debug|Any CPU
		{1FCB0E01-1410-43BC-A47A-D6C60EE486D1}.Debug|x86.Build.0 = Debug|Any CPU
		{1FCB0E01-1410-43BC-A47A-D6C60EE486D1}.Release|Any CPU.ActiveCfg = Release|Any CPU
		{1FCB0E01-1410-43BC-A47A-D6C60EE486D1}.Release|Any CPU.Build.0 = Release|Any CPU
		{1FCB0E01-1410-43BC-A47A-D6C60EE486D1}.Release|x64.ActiveCfg = Release|Any CPU
		{1FCB0E01-1410-43BC-A47A-D6C60EE486D1}.Release|x64.Build.0 = Release|Any CPU
		{1FCB0E01-1410-43BC-A47A-D6C60EE486D1}.Release|x86.ActiveCfg = Release|Any CPU
		{1FCB0E01-1410-43BC-A47A-D6C60EE486D1}.Release|x86.Build.0 = Release|Any CPU
		{EDDF32BD-65A9-45FC-9724-E552532EBEAB}.Debug|Any CPU.ActiveCfg = Debug|Any CPU
		{EDDF32BD-65A9-45FC-9724-E552532EBEAB}.Debug|Any CPU.Build.0 = Debug|Any CPU
		{EDDF32BD-65A9-45FC-9724-E552532EBEAB}.Debug|x64.ActiveCfg = Debug|Any CPU
		{EDDF32BD-65A9-45FC-9724-E552532EBEAB}.Debug|x64.Build.0 = Debug|Any CPU
		{EDDF32BD-65A9-45FC-9724-E552532EBEAB}.Debug|x86.ActiveCfg = Debug|Any CPU
		{EDDF32BD-65A9-45FC-9724-E552532EBEAB}.Debug|x86.Build.0 = Debug|Any CPU
		{EDDF32BD-65A9-45FC-9724-E552532EBEAB}.Release|Any CPU.ActiveCfg = Release|Any CPU
		{EDDF32BD-65A9-45FC-9724-E552532EBEAB}.Release|Any CPU.Build.0 = Release|Any CPU
		{EDDF32BD-65A9-45FC-9724-E552532EBEAB}.Release|x64.ActiveCfg = Release|Any CPU
		{EDDF32BD-65A9-45FC-9724-E552532EBEAB}.Release|x64.Build.0 = Release|Any CPU
		{EDDF32BD-65A9-45FC-9724-E552532EBEAB}.Release|x86.ActiveCfg = Release|Any CPU
		{EDDF32BD-65A9-45FC-9724-E552532EBEAB}.Release|x86.Build.0 = Release|Any CPU
		{416A798A-0BB7-48AF-9075-737BD228C9FE}.Debug|Any CPU.ActiveCfg = Debug|Any CPU
		{416A798A-0BB7-48AF-9075-737BD228C9FE}.Debug|Any CPU.Build.0 = Debug|Any CPU
		{416A798A-0BB7-48AF-9075-737BD228C9FE}.Debug|x64.ActiveCfg = Debug|Any CPU
		{416A798A-0BB7-48AF-9075-737BD228C9FE}.Debug|x64.Build.0 = Debug|Any CPU
		{416A798A-0BB7-48AF-9075-737BD228C9FE}.Debug|x86.ActiveCfg = Debug|Any CPU
		{416A798A-0BB7-48AF-9075-737BD228C9FE}.Debug|x86.Build.0 = Debug|Any CPU
		{416A798A-0BB7-48AF-9075-737BD228C9FE}.Release|Any CPU.ActiveCfg = Release|Any CPU
		{416A798A-0BB7-48AF-9075-737BD228C9FE}.Release|Any CPU.Build.0 = Release|Any CPU
		{416A798A-0BB7-48AF-9075-737BD228C9FE}.Release|x64.ActiveCfg = Release|Any CPU
		{416A798A-0BB7-48AF-9075-737BD228C9FE}.Release|x64.Build.0 = Release|Any CPU
		{416A798A-0BB7-48AF-9075-737BD228C9FE}.Release|x86.ActiveCfg = Release|Any CPU
		{416A798A-0BB7-48AF-9075-737BD228C9FE}.Release|x86.Build.0 = Release|Any CPU
		{2D46EDE2-95EC-4E63-82BE-872ECAB0871C}.Debug|Any CPU.ActiveCfg = Debug|Any CPU
		{2D46EDE2-95EC-4E63-82BE-872ECAB0871C}.Debug|Any CPU.Build.0 = Debug|Any CPU
		{2D46EDE2-95EC-4E63-82BE-872ECAB0871C}.Debug|x64.ActiveCfg = Debug|Any CPU
		{2D46EDE2-95EC-4E63-82BE-872ECAB0871C}.Debug|x64.Build.0 = Debug|Any CPU
		{2D46EDE2-95EC-4E63-82BE-872ECAB0871C}.Debug|x86.ActiveCfg = Debug|Any CPU
		{2D46EDE2-95EC-4E63-82BE-872ECAB0871C}.Debug|x86.Build.0 = Debug|Any CPU
		{2D46EDE2-95EC-4E63-82BE-872ECAB0871C}.Release|Any CPU.ActiveCfg = Release|Any CPU
		{2D46EDE2-95EC-4E63-82BE-872ECAB0871C}.Release|Any CPU.Build.0 = Release|Any CPU
		{2D46EDE2-95EC-4E63-82BE-872ECAB0871C}.Release|x64.ActiveCfg = Release|Any CPU
		{2D46EDE2-95EC-4E63-82BE-872ECAB0871C}.Release|x64.Build.0 = Release|Any CPU
		{2D46EDE2-95EC-4E63-82BE-872ECAB0871C}.Release|x86.ActiveCfg = Release|Any CPU
		{2D46EDE2-95EC-4E63-82BE-872ECAB0871C}.Release|x86.Build.0 = Release|Any CPU
		{D636314D-8198-4709-AB1D-D8376C58E225}.Debug|Any CPU.ActiveCfg = Debug|Any CPU
		{D636314D-8198-4709-AB1D-D8376C58E225}.Debug|Any CPU.Build.0 = Debug|Any CPU
		{D636314D-8198-4709-AB1D-D8376C58E225}.Debug|x64.ActiveCfg = Debug|Any CPU
		{D636314D-8198-4709-AB1D-D8376C58E225}.Debug|x64.Build.0 = Debug|Any CPU
		{D636314D-8198-4709-AB1D-D8376C58E225}.Debug|x86.ActiveCfg = Debug|Any CPU
		{D636314D-8198-4709-AB1D-D8376C58E225}.Debug|x86.Build.0 = Debug|Any CPU
		{D636314D-8198-4709-AB1D-D8376C58E225}.Release|Any CPU.ActiveCfg = Release|Any CPU
		{D636314D-8198-4709-AB1D-D8376C58E225}.Release|Any CPU.Build.0 = Release|Any CPU
		{D636314D-8198-4709-AB1D-D8376C58E225}.Release|x64.ActiveCfg = Release|Any CPU
		{D636314D-8198-4709-AB1D-D8376C58E225}.Release|x64.Build.0 = Release|Any CPU
		{D636314D-8198-4709-AB1D-D8376C58E225}.Release|x86.ActiveCfg = Release|Any CPU
		{D636314D-8198-4709-AB1D-D8376C58E225}.Release|x86.Build.0 = Release|Any CPU
		{E221779E-04BC-44E7-862A-6F8B54B01961}.Debug|Any CPU.ActiveCfg = Debug|Any CPU
		{E221779E-04BC-44E7-862A-6F8B54B01961}.Debug|Any CPU.Build.0 = Debug|Any CPU
		{E221779E-04BC-44E7-862A-6F8B54B01961}.Debug|x64.ActiveCfg = Debug|Any CPU
		{E221779E-04BC-44E7-862A-6F8B54B01961}.Debug|x64.Build.0 = Debug|Any CPU
		{E221779E-04BC-44E7-862A-6F8B54B01961}.Debug|x86.ActiveCfg = Debug|Any CPU
		{E221779E-04BC-44E7-862A-6F8B54B01961}.Debug|x86.Build.0 = Debug|Any CPU
		{E221779E-04BC-44E7-862A-6F8B54B01961}.Release|Any CPU.ActiveCfg = Release|Any CPU
		{E221779E-04BC-44E7-862A-6F8B54B01961}.Release|Any CPU.Build.0 = Release|Any CPU
		{E221779E-04BC-44E7-862A-6F8B54B01961}.Release|x64.ActiveCfg = Release|Any CPU
		{E221779E-04BC-44E7-862A-6F8B54B01961}.Release|x64.Build.0 = Release|Any CPU
		{E221779E-04BC-44E7-862A-6F8B54B01961}.Release|x86.ActiveCfg = Release|Any CPU
		{E221779E-04BC-44E7-862A-6F8B54B01961}.Release|x86.Build.0 = Release|Any CPU
		{718E23F8-B711-4A3D-B0AE-32C626508B8D}.Debug|Any CPU.ActiveCfg = Debug|Any CPU
		{718E23F8-B711-4A3D-B0AE-32C626508B8D}.Debug|Any CPU.Build.0 = Debug|Any CPU
		{718E23F8-B711-4A3D-B0AE-32C626508B8D}.Debug|x64.ActiveCfg = Debug|Any CPU
		{718E23F8-B711-4A3D-B0AE-32C626508B8D}.Debug|x64.Build.0 = Debug|Any CPU
		{718E23F8-B711-4A3D-B0AE-32C626508B8D}.Debug|x86.ActiveCfg = Debug|Any CPU
		{718E23F8-B711-4A3D-B0AE-32C626508B8D}.Debug|x86.Build.0 = Debug|Any CPU
		{718E23F8-B711-4A3D-B0AE-32C626508B8D}.Release|Any CPU.ActiveCfg = Release|Any CPU
		{718E23F8-B711-4A3D-B0AE-32C626508B8D}.Release|Any CPU.Build.0 = Release|Any CPU
		{718E23F8-B711-4A3D-B0AE-32C626508B8D}.Release|x64.ActiveCfg = Release|Any CPU
		{718E23F8-B711-4A3D-B0AE-32C626508B8D}.Release|x64.Build.0 = Release|Any CPU
		{718E23F8-B711-4A3D-B0AE-32C626508B8D}.Release|x86.ActiveCfg = Release|Any CPU
		{718E23F8-B711-4A3D-B0AE-32C626508B8D}.Release|x86.Build.0 = Release|Any CPU
		{7CE5714D-549F-4B0A-B2BC-9900D8854807}.Debug|Any CPU.ActiveCfg = Debug|Any CPU
		{7CE5714D-549F-4B0A-B2BC-9900D8854807}.Debug|Any CPU.Build.0 = Debug|Any CPU
		{7CE5714D-549F-4B0A-B2BC-9900D8854807}.Debug|x64.ActiveCfg = Debug|Any CPU
		{7CE5714D-549F-4B0A-B2BC-9900D8854807}.Debug|x64.Build.0 = Debug|Any CPU
		{7CE5714D-549F-4B0A-B2BC-9900D8854807}.Debug|x86.ActiveCfg = Debug|Any CPU
		{7CE5714D-549F-4B0A-B2BC-9900D8854807}.Debug|x86.Build.0 = Debug|Any CPU
		{7CE5714D-549F-4B0A-B2BC-9900D8854807}.Release|Any CPU.ActiveCfg = Release|Any CPU
		{7CE5714D-549F-4B0A-B2BC-9900D8854807}.Release|Any CPU.Build.0 = Release|Any CPU
		{7CE5714D-549F-4B0A-B2BC-9900D8854807}.Release|x64.ActiveCfg = Release|Any CPU
		{7CE5714D-549F-4B0A-B2BC-9900D8854807}.Release|x64.Build.0 = Release|Any CPU
		{7CE5714D-549F-4B0A-B2BC-9900D8854807}.Release|x86.ActiveCfg = Release|Any CPU
		{7CE5714D-549F-4B0A-B2BC-9900D8854807}.Release|x86.Build.0 = Release|Any CPU
		{006E99E7-BB69-4644-9B02-B388B5CE3AE8}.Debug|Any CPU.ActiveCfg = Debug|Any CPU
		{006E99E7-BB69-4644-9B02-B388B5CE3AE8}.Debug|Any CPU.Build.0 = Debug|Any CPU
		{006E99E7-BB69-4644-9B02-B388B5CE3AE8}.Debug|x64.ActiveCfg = Debug|Any CPU
		{006E99E7-BB69-4644-9B02-B388B5CE3AE8}.Debug|x64.Build.0 = Debug|Any CPU
		{006E99E7-BB69-4644-9B02-B388B5CE3AE8}.Debug|x86.ActiveCfg = Debug|Any CPU
		{006E99E7-BB69-4644-9B02-B388B5CE3AE8}.Debug|x86.Build.0 = Debug|Any CPU
		{006E99E7-BB69-4644-9B02-B388B5CE3AE8}.Release|Any CPU.ActiveCfg = Release|Any CPU
		{006E99E7-BB69-4644-9B02-B388B5CE3AE8}.Release|Any CPU.Build.0 = Release|Any CPU
		{006E99E7-BB69-4644-9B02-B388B5CE3AE8}.Release|x64.ActiveCfg = Release|Any CPU
		{006E99E7-BB69-4644-9B02-B388B5CE3AE8}.Release|x64.Build.0 = Release|Any CPU
		{006E99E7-BB69-4644-9B02-B388B5CE3AE8}.Release|x86.ActiveCfg = Release|Any CPU
		{006E99E7-BB69-4644-9B02-B388B5CE3AE8}.Release|x86.Build.0 = Release|Any CPU
		{072D999F-EB6C-43D8-9075-D05DC2E76549}.Debug|Any CPU.ActiveCfg = Debug|Any CPU
		{072D999F-EB6C-43D8-9075-D05DC2E76549}.Debug|Any CPU.Build.0 = Debug|Any CPU
		{072D999F-EB6C-43D8-9075-D05DC2E76549}.Debug|x64.ActiveCfg = Debug|Any CPU
		{072D999F-EB6C-43D8-9075-D05DC2E76549}.Debug|x64.Build.0 = Debug|Any CPU
		{072D999F-EB6C-43D8-9075-D05DC2E76549}.Debug|x86.ActiveCfg = Debug|Any CPU
		{072D999F-EB6C-43D8-9075-D05DC2E76549}.Debug|x86.Build.0 = Debug|Any CPU
		{072D999F-EB6C-43D8-9075-D05DC2E76549}.Release|Any CPU.ActiveCfg = Release|Any CPU
		{072D999F-EB6C-43D8-9075-D05DC2E76549}.Release|Any CPU.Build.0 = Release|Any CPU
		{072D999F-EB6C-43D8-9075-D05DC2E76549}.Release|x64.ActiveCfg = Release|Any CPU
		{072D999F-EB6C-43D8-9075-D05DC2E76549}.Release|x64.Build.0 = Release|Any CPU
		{072D999F-EB6C-43D8-9075-D05DC2E76549}.Release|x86.ActiveCfg = Release|Any CPU
		{072D999F-EB6C-43D8-9075-D05DC2E76549}.Release|x86.Build.0 = Release|Any CPU
		{43C2A6A9-FAC3-428F-A4F8-F4ED53A289CF}.Debug|Any CPU.ActiveCfg = Debug|Any CPU
		{43C2A6A9-FAC3-428F-A4F8-F4ED53A289CF}.Debug|Any CPU.Build.0 = Debug|Any CPU
		{43C2A6A9-FAC3-428F-A4F8-F4ED53A289CF}.Debug|x64.ActiveCfg = Debug|Any CPU
		{43C2A6A9-FAC3-428F-A4F8-F4ED53A289CF}.Debug|x64.Build.0 = Debug|Any CPU
		{43C2A6A9-FAC3-428F-A4F8-F4ED53A289CF}.Debug|x86.ActiveCfg = Debug|Any CPU
		{43C2A6A9-FAC3-428F-A4F8-F4ED53A289CF}.Debug|x86.Build.0 = Debug|Any CPU
		{43C2A6A9-FAC3-428F-A4F8-F4ED53A289CF}.Release|Any CPU.ActiveCfg = Release|Any CPU
		{43C2A6A9-FAC3-428F-A4F8-F4ED53A289CF}.Release|Any CPU.Build.0 = Release|Any CPU
		{43C2A6A9-FAC3-428F-A4F8-F4ED53A289CF}.Release|x64.ActiveCfg = Release|Any CPU
		{43C2A6A9-FAC3-428F-A4F8-F4ED53A289CF}.Release|x64.Build.0 = Release|Any CPU
		{43C2A6A9-FAC3-428F-A4F8-F4ED53A289CF}.Release|x86.ActiveCfg = Release|Any CPU
		{43C2A6A9-FAC3-428F-A4F8-F4ED53A289CF}.Release|x86.Build.0 = Release|Any CPU
		{C9CFD2F1-9255-4DE0-9B16-9FAEFA0B449D}.Debug|Any CPU.ActiveCfg = Debug|Any CPU
		{C9CFD2F1-9255-4DE0-9B16-9FAEFA0B449D}.Debug|Any CPU.Build.0 = Debug|Any CPU
		{C9CFD2F1-9255-4DE0-9B16-9FAEFA0B449D}.Debug|x64.ActiveCfg = Debug|Any CPU
		{C9CFD2F1-9255-4DE0-9B16-9FAEFA0B449D}.Debug|x64.Build.0 = Debug|Any CPU
		{C9CFD2F1-9255-4DE0-9B16-9FAEFA0B449D}.Debug|x86.ActiveCfg = Debug|Any CPU
		{C9CFD2F1-9255-4DE0-9B16-9FAEFA0B449D}.Debug|x86.Build.0 = Debug|Any CPU
		{C9CFD2F1-9255-4DE0-9B16-9FAEFA0B449D}.Release|Any CPU.ActiveCfg = Release|Any CPU
		{C9CFD2F1-9255-4DE0-9B16-9FAEFA0B449D}.Release|Any CPU.Build.0 = Release|Any CPU
		{C9CFD2F1-9255-4DE0-9B16-9FAEFA0B449D}.Release|x64.ActiveCfg = Release|Any CPU
		{C9CFD2F1-9255-4DE0-9B16-9FAEFA0B449D}.Release|x64.Build.0 = Release|Any CPU
		{C9CFD2F1-9255-4DE0-9B16-9FAEFA0B449D}.Release|x86.ActiveCfg = Release|Any CPU
		{C9CFD2F1-9255-4DE0-9B16-9FAEFA0B449D}.Release|x86.Build.0 = Release|Any CPU
		{0DC17474-732E-4CF8-9DAC-7976217855AC}.Debug|Any CPU.ActiveCfg = Debug|Any CPU
		{0DC17474-732E-4CF8-9DAC-7976217855AC}.Debug|Any CPU.Build.0 = Debug|Any CPU
		{0DC17474-732E-4CF8-9DAC-7976217855AC}.Debug|x64.ActiveCfg = Debug|Any CPU
		{0DC17474-732E-4CF8-9DAC-7976217855AC}.Debug|x64.Build.0 = Debug|Any CPU
		{0DC17474-732E-4CF8-9DAC-7976217855AC}.Debug|x86.ActiveCfg = Debug|Any CPU
		{0DC17474-732E-4CF8-9DAC-7976217855AC}.Debug|x86.Build.0 = Debug|Any CPU
		{0DC17474-732E-4CF8-9DAC-7976217855AC}.Release|Any CPU.ActiveCfg = Release|Any CPU
		{0DC17474-732E-4CF8-9DAC-7976217855AC}.Release|Any CPU.Build.0 = Release|Any CPU
		{0DC17474-732E-4CF8-9DAC-7976217855AC}.Release|x64.ActiveCfg = Release|Any CPU
		{0DC17474-732E-4CF8-9DAC-7976217855AC}.Release|x64.Build.0 = Release|Any CPU
		{0DC17474-732E-4CF8-9DAC-7976217855AC}.Release|x86.ActiveCfg = Release|Any CPU
		{0DC17474-732E-4CF8-9DAC-7976217855AC}.Release|x86.Build.0 = Release|Any CPU
		{7ECA3397-4005-49BB-B7EE-37FA25D2DAE9}.Debug|Any CPU.ActiveCfg = Debug|Any CPU
		{7ECA3397-4005-49BB-B7EE-37FA25D2DAE9}.Debug|Any CPU.Build.0 = Debug|Any CPU
		{7ECA3397-4005-49BB-B7EE-37FA25D2DAE9}.Debug|x64.ActiveCfg = Debug|Any CPU
		{7ECA3397-4005-49BB-B7EE-37FA25D2DAE9}.Debug|x64.Build.0 = Debug|Any CPU
		{7ECA3397-4005-49BB-B7EE-37FA25D2DAE9}.Debug|x86.ActiveCfg = Debug|Any CPU
		{7ECA3397-4005-49BB-B7EE-37FA25D2DAE9}.Debug|x86.Build.0 = Debug|Any CPU
		{7ECA3397-4005-49BB-B7EE-37FA25D2DAE9}.Release|Any CPU.ActiveCfg = Release|Any CPU
		{7ECA3397-4005-49BB-B7EE-37FA25D2DAE9}.Release|Any CPU.Build.0 = Release|Any CPU
		{7ECA3397-4005-49BB-B7EE-37FA25D2DAE9}.Release|x64.ActiveCfg = Release|Any CPU
		{7ECA3397-4005-49BB-B7EE-37FA25D2DAE9}.Release|x64.Build.0 = Release|Any CPU
		{7ECA3397-4005-49BB-B7EE-37FA25D2DAE9}.Release|x86.ActiveCfg = Release|Any CPU
		{7ECA3397-4005-49BB-B7EE-37FA25D2DAE9}.Release|x86.Build.0 = Release|Any CPU
		{3972C3A0-22AD-47E0-94A9-242479608AEE}.Debug|Any CPU.ActiveCfg = Debug|Any CPU
		{3972C3A0-22AD-47E0-94A9-242479608AEE}.Debug|Any CPU.Build.0 = Debug|Any CPU
		{3972C3A0-22AD-47E0-94A9-242479608AEE}.Debug|x64.ActiveCfg = Debug|Any CPU
		{3972C3A0-22AD-47E0-94A9-242479608AEE}.Debug|x64.Build.0 = Debug|Any CPU
		{3972C3A0-22AD-47E0-94A9-242479608AEE}.Debug|x86.ActiveCfg = Debug|Any CPU
		{3972C3A0-22AD-47E0-94A9-242479608AEE}.Debug|x86.Build.0 = Debug|Any CPU
		{3972C3A0-22AD-47E0-94A9-242479608AEE}.Release|Any CPU.ActiveCfg = Release|Any CPU
		{3972C3A0-22AD-47E0-94A9-242479608AEE}.Release|Any CPU.Build.0 = Release|Any CPU
		{3972C3A0-22AD-47E0-94A9-242479608AEE}.Release|x64.ActiveCfg = Release|Any CPU
		{3972C3A0-22AD-47E0-94A9-242479608AEE}.Release|x64.Build.0 = Release|Any CPU
		{3972C3A0-22AD-47E0-94A9-242479608AEE}.Release|x86.ActiveCfg = Release|Any CPU
		{3972C3A0-22AD-47E0-94A9-242479608AEE}.Release|x86.Build.0 = Release|Any CPU
		{578C5BFB-B2D3-4E85-AB7B-4C95EDDE3A96}.Debug|Any CPU.ActiveCfg = Debug|Any CPU
		{578C5BFB-B2D3-4E85-AB7B-4C95EDDE3A96}.Debug|Any CPU.Build.0 = Debug|Any CPU
		{578C5BFB-B2D3-4E85-AB7B-4C95EDDE3A96}.Debug|x64.ActiveCfg = Debug|Any CPU
		{578C5BFB-B2D3-4E85-AB7B-4C95EDDE3A96}.Debug|x64.Build.0 = Debug|Any CPU
		{578C5BFB-B2D3-4E85-AB7B-4C95EDDE3A96}.Debug|x86.ActiveCfg = Debug|Any CPU
		{578C5BFB-B2D3-4E85-AB7B-4C95EDDE3A96}.Debug|x86.Build.0 = Debug|Any CPU
		{578C5BFB-B2D3-4E85-AB7B-4C95EDDE3A96}.Release|Any CPU.ActiveCfg = Release|Any CPU
		{578C5BFB-B2D3-4E85-AB7B-4C95EDDE3A96}.Release|Any CPU.Build.0 = Release|Any CPU
		{578C5BFB-B2D3-4E85-AB7B-4C95EDDE3A96}.Release|x64.ActiveCfg = Release|Any CPU
		{578C5BFB-B2D3-4E85-AB7B-4C95EDDE3A96}.Release|x64.Build.0 = Release|Any CPU
		{578C5BFB-B2D3-4E85-AB7B-4C95EDDE3A96}.Release|x86.ActiveCfg = Release|Any CPU
		{578C5BFB-B2D3-4E85-AB7B-4C95EDDE3A96}.Release|x86.Build.0 = Release|Any CPU
		{4A3221D3-88A6-4C74-8C4C-76C0E5595F53}.Debug|Any CPU.ActiveCfg = Debug|Any CPU
		{4A3221D3-88A6-4C74-8C4C-76C0E5595F53}.Debug|Any CPU.Build.0 = Debug|Any CPU
		{4A3221D3-88A6-4C74-8C4C-76C0E5595F53}.Debug|x64.ActiveCfg = Debug|Any CPU
		{4A3221D3-88A6-4C74-8C4C-76C0E5595F53}.Debug|x64.Build.0 = Debug|Any CPU
		{4A3221D3-88A6-4C74-8C4C-76C0E5595F53}.Debug|x86.ActiveCfg = Debug|Any CPU
		{4A3221D3-88A6-4C74-8C4C-76C0E5595F53}.Debug|x86.Build.0 = Debug|Any CPU
		{4A3221D3-88A6-4C74-8C4C-76C0E5595F53}.Release|Any CPU.ActiveCfg = Release|Any CPU
		{4A3221D3-88A6-4C74-8C4C-76C0E5595F53}.Release|Any CPU.Build.0 = Release|Any CPU
		{4A3221D3-88A6-4C74-8C4C-76C0E5595F53}.Release|x64.ActiveCfg = Release|Any CPU
		{4A3221D3-88A6-4C74-8C4C-76C0E5595F53}.Release|x64.Build.0 = Release|Any CPU
		{4A3221D3-88A6-4C74-8C4C-76C0E5595F53}.Release|x86.ActiveCfg = Release|Any CPU
		{4A3221D3-88A6-4C74-8C4C-76C0E5595F53}.Release|x86.Build.0 = Release|Any CPU
		{68DEC7BD-62A9-40F5-8214-9E910FFB6FB5}.Debug|Any CPU.ActiveCfg = Debug|Any CPU
		{68DEC7BD-62A9-40F5-8214-9E910FFB6FB5}.Debug|Any CPU.Build.0 = Debug|Any CPU
		{68DEC7BD-62A9-40F5-8214-9E910FFB6FB5}.Debug|x64.ActiveCfg = Debug|Any CPU
		{68DEC7BD-62A9-40F5-8214-9E910FFB6FB5}.Debug|x64.Build.0 = Debug|Any CPU
		{68DEC7BD-62A9-40F5-8214-9E910FFB6FB5}.Debug|x86.ActiveCfg = Debug|Any CPU
		{68DEC7BD-62A9-40F5-8214-9E910FFB6FB5}.Debug|x86.Build.0 = Debug|Any CPU
		{68DEC7BD-62A9-40F5-8214-9E910FFB6FB5}.Release|Any CPU.ActiveCfg = Release|Any CPU
		{68DEC7BD-62A9-40F5-8214-9E910FFB6FB5}.Release|Any CPU.Build.0 = Release|Any CPU
		{68DEC7BD-62A9-40F5-8214-9E910FFB6FB5}.Release|x64.ActiveCfg = Release|Any CPU
		{68DEC7BD-62A9-40F5-8214-9E910FFB6FB5}.Release|x64.Build.0 = Release|Any CPU
		{68DEC7BD-62A9-40F5-8214-9E910FFB6FB5}.Release|x86.ActiveCfg = Release|Any CPU
		{68DEC7BD-62A9-40F5-8214-9E910FFB6FB5}.Release|x86.Build.0 = Release|Any CPU
		{B9F1F200-580E-43F3-B057-1668803DC9C3}.Debug|Any CPU.ActiveCfg = Debug|Any CPU
		{B9F1F200-580E-43F3-B057-1668803DC9C3}.Debug|Any CPU.Build.0 = Debug|Any CPU
		{B9F1F200-580E-43F3-B057-1668803DC9C3}.Debug|x64.ActiveCfg = Debug|Any CPU
		{B9F1F200-580E-43F3-B057-1668803DC9C3}.Debug|x64.Build.0 = Debug|Any CPU
		{B9F1F200-580E-43F3-B057-1668803DC9C3}.Debug|x86.ActiveCfg = Debug|Any CPU
		{B9F1F200-580E-43F3-B057-1668803DC9C3}.Debug|x86.Build.0 = Debug|Any CPU
		{B9F1F200-580E-43F3-B057-1668803DC9C3}.Release|Any CPU.ActiveCfg = Release|Any CPU
		{B9F1F200-580E-43F3-B057-1668803DC9C3}.Release|Any CPU.Build.0 = Release|Any CPU
		{B9F1F200-580E-43F3-B057-1668803DC9C3}.Release|x64.ActiveCfg = Release|Any CPU
		{B9F1F200-580E-43F3-B057-1668803DC9C3}.Release|x64.Build.0 = Release|Any CPU
		{B9F1F200-580E-43F3-B057-1668803DC9C3}.Release|x86.ActiveCfg = Release|Any CPU
		{B9F1F200-580E-43F3-B057-1668803DC9C3}.Release|x86.Build.0 = Release|Any CPU
		{B93F5967-D5B3-4A58-88C3-46A58A2EB96D}.Debug|Any CPU.ActiveCfg = Debug|Any CPU
		{B93F5967-D5B3-4A58-88C3-46A58A2EB96D}.Debug|Any CPU.Build.0 = Debug|Any CPU
		{B93F5967-D5B3-4A58-88C3-46A58A2EB96D}.Debug|x64.ActiveCfg = Debug|Any CPU
		{B93F5967-D5B3-4A58-88C3-46A58A2EB96D}.Debug|x64.Build.0 = Debug|Any CPU
		{B93F5967-D5B3-4A58-88C3-46A58A2EB96D}.Debug|x86.ActiveCfg = Debug|Any CPU
		{B93F5967-D5B3-4A58-88C3-46A58A2EB96D}.Debug|x86.Build.0 = Debug|Any CPU
		{B93F5967-D5B3-4A58-88C3-46A58A2EB96D}.Release|Any CPU.ActiveCfg = Release|Any CPU
		{B93F5967-D5B3-4A58-88C3-46A58A2EB96D}.Release|Any CPU.Build.0 = Release|Any CPU
		{B93F5967-D5B3-4A58-88C3-46A58A2EB96D}.Release|x64.ActiveCfg = Release|Any CPU
		{B93F5967-D5B3-4A58-88C3-46A58A2EB96D}.Release|x64.Build.0 = Release|Any CPU
		{B93F5967-D5B3-4A58-88C3-46A58A2EB96D}.Release|x86.ActiveCfg = Release|Any CPU
		{B93F5967-D5B3-4A58-88C3-46A58A2EB96D}.Release|x86.Build.0 = Release|Any CPU
		{832F98A9-CF3E-481C-9E42-DC97D046CC0E}.Debug|Any CPU.ActiveCfg = Debug|Any CPU
		{832F98A9-CF3E-481C-9E42-DC97D046CC0E}.Debug|Any CPU.Build.0 = Debug|Any CPU
		{832F98A9-CF3E-481C-9E42-DC97D046CC0E}.Debug|x64.ActiveCfg = Debug|Any CPU
		{832F98A9-CF3E-481C-9E42-DC97D046CC0E}.Debug|x64.Build.0 = Debug|Any CPU
		{832F98A9-CF3E-481C-9E42-DC97D046CC0E}.Debug|x86.ActiveCfg = Debug|Any CPU
		{832F98A9-CF3E-481C-9E42-DC97D046CC0E}.Debug|x86.Build.0 = Debug|Any CPU
		{832F98A9-CF3E-481C-9E42-DC97D046CC0E}.Release|Any CPU.ActiveCfg = Release|Any CPU
		{832F98A9-CF3E-481C-9E42-DC97D046CC0E}.Release|Any CPU.Build.0 = Release|Any CPU
		{832F98A9-CF3E-481C-9E42-DC97D046CC0E}.Release|x64.ActiveCfg = Release|Any CPU
		{832F98A9-CF3E-481C-9E42-DC97D046CC0E}.Release|x64.Build.0 = Release|Any CPU
		{832F98A9-CF3E-481C-9E42-DC97D046CC0E}.Release|x86.ActiveCfg = Release|Any CPU
		{832F98A9-CF3E-481C-9E42-DC97D046CC0E}.Release|x86.Build.0 = Release|Any CPU
		{F1597FA9-C571-4758-BB2F-8373CA33F9F6}.Debug|Any CPU.ActiveCfg = Debug|Any CPU
		{F1597FA9-C571-4758-BB2F-8373CA33F9F6}.Debug|Any CPU.Build.0 = Debug|Any CPU
		{F1597FA9-C571-4758-BB2F-8373CA33F9F6}.Debug|x64.ActiveCfg = Debug|Any CPU
		{F1597FA9-C571-4758-BB2F-8373CA33F9F6}.Debug|x64.Build.0 = Debug|Any CPU
		{F1597FA9-C571-4758-BB2F-8373CA33F9F6}.Debug|x86.ActiveCfg = Debug|Any CPU
		{F1597FA9-C571-4758-BB2F-8373CA33F9F6}.Debug|x86.Build.0 = Debug|Any CPU
		{F1597FA9-C571-4758-BB2F-8373CA33F9F6}.Release|Any CPU.ActiveCfg = Release|Any CPU
		{F1597FA9-C571-4758-BB2F-8373CA33F9F6}.Release|Any CPU.Build.0 = Release|Any CPU
		{F1597FA9-C571-4758-BB2F-8373CA33F9F6}.Release|x64.ActiveCfg = Release|Any CPU
		{F1597FA9-C571-4758-BB2F-8373CA33F9F6}.Release|x64.Build.0 = Release|Any CPU
		{F1597FA9-C571-4758-BB2F-8373CA33F9F6}.Release|x86.ActiveCfg = Release|Any CPU
		{F1597FA9-C571-4758-BB2F-8373CA33F9F6}.Release|x86.Build.0 = Release|Any CPU
		{087AB3BF-66D9-412E-A8B8-9C34AD298BE7}.Debug|Any CPU.ActiveCfg = Debug|Any CPU
		{087AB3BF-66D9-412E-A8B8-9C34AD298BE7}.Debug|Any CPU.Build.0 = Debug|Any CPU
		{087AB3BF-66D9-412E-A8B8-9C34AD298BE7}.Debug|x64.ActiveCfg = Debug|Any CPU
		{087AB3BF-66D9-412E-A8B8-9C34AD298BE7}.Debug|x64.Build.0 = Debug|Any CPU
		{087AB3BF-66D9-412E-A8B8-9C34AD298BE7}.Debug|x86.ActiveCfg = Debug|Any CPU
		{087AB3BF-66D9-412E-A8B8-9C34AD298BE7}.Debug|x86.Build.0 = Debug|Any CPU
		{087AB3BF-66D9-412E-A8B8-9C34AD298BE7}.Release|Any CPU.ActiveCfg = Release|Any CPU
		{087AB3BF-66D9-412E-A8B8-9C34AD298BE7}.Release|Any CPU.Build.0 = Release|Any CPU
		{087AB3BF-66D9-412E-A8B8-9C34AD298BE7}.Release|x64.ActiveCfg = Release|Any CPU
		{087AB3BF-66D9-412E-A8B8-9C34AD298BE7}.Release|x64.Build.0 = Release|Any CPU
		{087AB3BF-66D9-412E-A8B8-9C34AD298BE7}.Release|x86.ActiveCfg = Release|Any CPU
		{087AB3BF-66D9-412E-A8B8-9C34AD298BE7}.Release|x86.Build.0 = Release|Any CPU
		{E72FE8D0-2AB0-4504-926E-2996B4669CCE}.Debug|Any CPU.ActiveCfg = Debug|Any CPU
		{E72FE8D0-2AB0-4504-926E-2996B4669CCE}.Debug|Any CPU.Build.0 = Debug|Any CPU
		{E72FE8D0-2AB0-4504-926E-2996B4669CCE}.Debug|x64.ActiveCfg = Debug|Any CPU
		{E72FE8D0-2AB0-4504-926E-2996B4669CCE}.Debug|x64.Build.0 = Debug|Any CPU
		{E72FE8D0-2AB0-4504-926E-2996B4669CCE}.Debug|x86.ActiveCfg = Debug|Any CPU
		{E72FE8D0-2AB0-4504-926E-2996B4669CCE}.Debug|x86.Build.0 = Debug|Any CPU
		{E72FE8D0-2AB0-4504-926E-2996B4669CCE}.Release|Any CPU.ActiveCfg = Release|Any CPU
		{E72FE8D0-2AB0-4504-926E-2996B4669CCE}.Release|Any CPU.Build.0 = Release|Any CPU
		{E72FE8D0-2AB0-4504-926E-2996B4669CCE}.Release|x64.ActiveCfg = Release|Any CPU
		{E72FE8D0-2AB0-4504-926E-2996B4669CCE}.Release|x64.Build.0 = Release|Any CPU
		{E72FE8D0-2AB0-4504-926E-2996B4669CCE}.Release|x86.ActiveCfg = Release|Any CPU
		{E72FE8D0-2AB0-4504-926E-2996B4669CCE}.Release|x86.Build.0 = Release|Any CPU
		{A35A1AFB-ECD8-4E6A-804E-AB527414A61E}.Debug|Any CPU.ActiveCfg = Debug|Any CPU
		{A35A1AFB-ECD8-4E6A-804E-AB527414A61E}.Debug|Any CPU.Build.0 = Debug|Any CPU
		{A35A1AFB-ECD8-4E6A-804E-AB527414A61E}.Debug|x64.ActiveCfg = Debug|Any CPU
		{A35A1AFB-ECD8-4E6A-804E-AB527414A61E}.Debug|x64.Build.0 = Debug|Any CPU
		{A35A1AFB-ECD8-4E6A-804E-AB527414A61E}.Debug|x86.ActiveCfg = Debug|Any CPU
		{A35A1AFB-ECD8-4E6A-804E-AB527414A61E}.Debug|x86.Build.0 = Debug|Any CPU
		{A35A1AFB-ECD8-4E6A-804E-AB527414A61E}.Release|Any CPU.ActiveCfg = Release|Any CPU
		{A35A1AFB-ECD8-4E6A-804E-AB527414A61E}.Release|Any CPU.Build.0 = Release|Any CPU
		{A35A1AFB-ECD8-4E6A-804E-AB527414A61E}.Release|x64.ActiveCfg = Release|Any CPU
		{A35A1AFB-ECD8-4E6A-804E-AB527414A61E}.Release|x64.Build.0 = Release|Any CPU
		{A35A1AFB-ECD8-4E6A-804E-AB527414A61E}.Release|x86.ActiveCfg = Release|Any CPU
		{A35A1AFB-ECD8-4E6A-804E-AB527414A61E}.Release|x86.Build.0 = Release|Any CPU
		{DB3F52F3-CEC6-490D-BDC6-0A9ECAD9A0E4}.Debug|Any CPU.ActiveCfg = Debug|Any CPU
		{DB3F52F3-CEC6-490D-BDC6-0A9ECAD9A0E4}.Debug|Any CPU.Build.0 = Debug|Any CPU
		{DB3F52F3-CEC6-490D-BDC6-0A9ECAD9A0E4}.Debug|x64.ActiveCfg = Debug|Any CPU
		{DB3F52F3-CEC6-490D-BDC6-0A9ECAD9A0E4}.Debug|x64.Build.0 = Debug|Any CPU
		{DB3F52F3-CEC6-490D-BDC6-0A9ECAD9A0E4}.Debug|x86.ActiveCfg = Debug|Any CPU
		{DB3F52F3-CEC6-490D-BDC6-0A9ECAD9A0E4}.Debug|x86.Build.0 = Debug|Any CPU
		{DB3F52F3-CEC6-490D-BDC6-0A9ECAD9A0E4}.Release|Any CPU.ActiveCfg = Release|Any CPU
		{DB3F52F3-CEC6-490D-BDC6-0A9ECAD9A0E4}.Release|Any CPU.Build.0 = Release|Any CPU
		{DB3F52F3-CEC6-490D-BDC6-0A9ECAD9A0E4}.Release|x64.ActiveCfg = Release|Any CPU
		{DB3F52F3-CEC6-490D-BDC6-0A9ECAD9A0E4}.Release|x64.Build.0 = Release|Any CPU
		{DB3F52F3-CEC6-490D-BDC6-0A9ECAD9A0E4}.Release|x86.ActiveCfg = Release|Any CPU
		{DB3F52F3-CEC6-490D-BDC6-0A9ECAD9A0E4}.Release|x86.Build.0 = Release|Any CPU
		{8EA90285-256F-4DDE-8A29-264DAC234740}.Debug|Any CPU.ActiveCfg = Debug|Any CPU
		{8EA90285-256F-4DDE-8A29-264DAC234740}.Debug|Any CPU.Build.0 = Debug|Any CPU
		{8EA90285-256F-4DDE-8A29-264DAC234740}.Debug|x64.ActiveCfg = Debug|Any CPU
		{8EA90285-256F-4DDE-8A29-264DAC234740}.Debug|x64.Build.0 = Debug|Any CPU
		{8EA90285-256F-4DDE-8A29-264DAC234740}.Debug|x86.ActiveCfg = Debug|Any CPU
		{8EA90285-256F-4DDE-8A29-264DAC234740}.Debug|x86.Build.0 = Debug|Any CPU
		{8EA90285-256F-4DDE-8A29-264DAC234740}.Release|Any CPU.ActiveCfg = Release|Any CPU
		{8EA90285-256F-4DDE-8A29-264DAC234740}.Release|Any CPU.Build.0 = Release|Any CPU
		{8EA90285-256F-4DDE-8A29-264DAC234740}.Release|x64.ActiveCfg = Release|Any CPU
		{8EA90285-256F-4DDE-8A29-264DAC234740}.Release|x64.Build.0 = Release|Any CPU
		{8EA90285-256F-4DDE-8A29-264DAC234740}.Release|x86.ActiveCfg = Release|Any CPU
		{8EA90285-256F-4DDE-8A29-264DAC234740}.Release|x86.Build.0 = Release|Any CPU
		{7A7DD4DB-3EE5-497D-8A1F-AA5C49D8A804}.Debug|Any CPU.ActiveCfg = Debug|Any CPU
		{7A7DD4DB-3EE5-497D-8A1F-AA5C49D8A804}.Debug|Any CPU.Build.0 = Debug|Any CPU
		{7A7DD4DB-3EE5-497D-8A1F-AA5C49D8A804}.Debug|x64.ActiveCfg = Debug|Any CPU
		{7A7DD4DB-3EE5-497D-8A1F-AA5C49D8A804}.Debug|x64.Build.0 = Debug|Any CPU
		{7A7DD4DB-3EE5-497D-8A1F-AA5C49D8A804}.Debug|x86.ActiveCfg = Debug|Any CPU
		{7A7DD4DB-3EE5-497D-8A1F-AA5C49D8A804}.Debug|x86.Build.0 = Debug|Any CPU
		{7A7DD4DB-3EE5-497D-8A1F-AA5C49D8A804}.Release|Any CPU.ActiveCfg = Release|Any CPU
		{7A7DD4DB-3EE5-497D-8A1F-AA5C49D8A804}.Release|Any CPU.Build.0 = Release|Any CPU
		{7A7DD4DB-3EE5-497D-8A1F-AA5C49D8A804}.Release|x64.ActiveCfg = Release|Any CPU
		{7A7DD4DB-3EE5-497D-8A1F-AA5C49D8A804}.Release|x64.Build.0 = Release|Any CPU
		{7A7DD4DB-3EE5-497D-8A1F-AA5C49D8A804}.Release|x86.ActiveCfg = Release|Any CPU
		{7A7DD4DB-3EE5-497D-8A1F-AA5C49D8A804}.Release|x86.Build.0 = Release|Any CPU
		{6EBEDF00-FD11-41EA-883B-0B1324CE2CB9}.Debug|Any CPU.ActiveCfg = Debug|Any CPU
		{6EBEDF00-FD11-41EA-883B-0B1324CE2CB9}.Debug|Any CPU.Build.0 = Debug|Any CPU
		{6EBEDF00-FD11-41EA-883B-0B1324CE2CB9}.Debug|x64.ActiveCfg = Debug|Any CPU
		{6EBEDF00-FD11-41EA-883B-0B1324CE2CB9}.Debug|x64.Build.0 = Debug|Any CPU
		{6EBEDF00-FD11-41EA-883B-0B1324CE2CB9}.Debug|x86.ActiveCfg = Debug|Any CPU
		{6EBEDF00-FD11-41EA-883B-0B1324CE2CB9}.Debug|x86.Build.0 = Debug|Any CPU
		{6EBEDF00-FD11-41EA-883B-0B1324CE2CB9}.Release|Any CPU.ActiveCfg = Release|Any CPU
		{6EBEDF00-FD11-41EA-883B-0B1324CE2CB9}.Release|Any CPU.Build.0 = Release|Any CPU
		{6EBEDF00-FD11-41EA-883B-0B1324CE2CB9}.Release|x64.ActiveCfg = Release|Any CPU
		{6EBEDF00-FD11-41EA-883B-0B1324CE2CB9}.Release|x64.Build.0 = Release|Any CPU
		{6EBEDF00-FD11-41EA-883B-0B1324CE2CB9}.Release|x86.ActiveCfg = Release|Any CPU
		{6EBEDF00-FD11-41EA-883B-0B1324CE2CB9}.Release|x86.Build.0 = Release|Any CPU
		{AD5584F3-8777-448B-ACFC-BD75DC94D3D8}.Debug|Any CPU.ActiveCfg = Debug|Any CPU
		{AD5584F3-8777-448B-ACFC-BD75DC94D3D8}.Debug|Any CPU.Build.0 = Debug|Any CPU
		{AD5584F3-8777-448B-ACFC-BD75DC94D3D8}.Debug|x64.ActiveCfg = Debug|Any CPU
		{AD5584F3-8777-448B-ACFC-BD75DC94D3D8}.Debug|x64.Build.0 = Debug|Any CPU
		{AD5584F3-8777-448B-ACFC-BD75DC94D3D8}.Debug|x86.ActiveCfg = Debug|Any CPU
		{AD5584F3-8777-448B-ACFC-BD75DC94D3D8}.Debug|x86.Build.0 = Debug|Any CPU
		{AD5584F3-8777-448B-ACFC-BD75DC94D3D8}.Release|Any CPU.ActiveCfg = Release|Any CPU
		{AD5584F3-8777-448B-ACFC-BD75DC94D3D8}.Release|Any CPU.Build.0 = Release|Any CPU
		{AD5584F3-8777-448B-ACFC-BD75DC94D3D8}.Release|x64.ActiveCfg = Release|Any CPU
		{AD5584F3-8777-448B-ACFC-BD75DC94D3D8}.Release|x64.Build.0 = Release|Any CPU
		{AD5584F3-8777-448B-ACFC-BD75DC94D3D8}.Release|x86.ActiveCfg = Release|Any CPU
		{AD5584F3-8777-448B-ACFC-BD75DC94D3D8}.Release|x86.Build.0 = Release|Any CPU
		{90606621-4FBA-4384-B8CC-3EDBC5069C84}.Debug|Any CPU.ActiveCfg = Debug|Any CPU
		{90606621-4FBA-4384-B8CC-3EDBC5069C84}.Debug|Any CPU.Build.0 = Debug|Any CPU
		{90606621-4FBA-4384-B8CC-3EDBC5069C84}.Debug|x64.ActiveCfg = Debug|Any CPU
		{90606621-4FBA-4384-B8CC-3EDBC5069C84}.Debug|x64.Build.0 = Debug|Any CPU
		{90606621-4FBA-4384-B8CC-3EDBC5069C84}.Debug|x86.ActiveCfg = Debug|Any CPU
		{90606621-4FBA-4384-B8CC-3EDBC5069C84}.Debug|x86.Build.0 = Debug|Any CPU
		{90606621-4FBA-4384-B8CC-3EDBC5069C84}.Release|Any CPU.ActiveCfg = Release|Any CPU
		{90606621-4FBA-4384-B8CC-3EDBC5069C84}.Release|Any CPU.Build.0 = Release|Any CPU
		{90606621-4FBA-4384-B8CC-3EDBC5069C84}.Release|x64.ActiveCfg = Release|Any CPU
		{90606621-4FBA-4384-B8CC-3EDBC5069C84}.Release|x64.Build.0 = Release|Any CPU
		{90606621-4FBA-4384-B8CC-3EDBC5069C84}.Release|x86.ActiveCfg = Release|Any CPU
		{90606621-4FBA-4384-B8CC-3EDBC5069C84}.Release|x86.Build.0 = Release|Any CPU
		{77A30494-63D5-42DD-9EF0-6EBD18712E40}.Debug|Any CPU.ActiveCfg = Debug|Any CPU
		{77A30494-63D5-42DD-9EF0-6EBD18712E40}.Debug|Any CPU.Build.0 = Debug|Any CPU
		{77A30494-63D5-42DD-9EF0-6EBD18712E40}.Debug|x64.ActiveCfg = Debug|Any CPU
		{77A30494-63D5-42DD-9EF0-6EBD18712E40}.Debug|x64.Build.0 = Debug|Any CPU
		{77A30494-63D5-42DD-9EF0-6EBD18712E40}.Debug|x86.ActiveCfg = Debug|Any CPU
		{77A30494-63D5-42DD-9EF0-6EBD18712E40}.Debug|x86.Build.0 = Debug|Any CPU
		{77A30494-63D5-42DD-9EF0-6EBD18712E40}.Release|Any CPU.ActiveCfg = Release|Any CPU
		{77A30494-63D5-42DD-9EF0-6EBD18712E40}.Release|Any CPU.Build.0 = Release|Any CPU
		{77A30494-63D5-42DD-9EF0-6EBD18712E40}.Release|x64.ActiveCfg = Release|Any CPU
		{77A30494-63D5-42DD-9EF0-6EBD18712E40}.Release|x64.Build.0 = Release|Any CPU
		{77A30494-63D5-42DD-9EF0-6EBD18712E40}.Release|x86.ActiveCfg = Release|Any CPU
		{77A30494-63D5-42DD-9EF0-6EBD18712E40}.Release|x86.Build.0 = Release|Any CPU
		{A1B2C3D4-E5F6-7890-ABCD-EF1234567890}.Debug|Any CPU.ActiveCfg = Debug|Any CPU
		{A1B2C3D4-E5F6-7890-ABCD-EF1234567890}.Debug|Any CPU.Build.0 = Debug|Any CPU
		{A1B2C3D4-E5F6-7890-ABCD-EF1234567890}.Debug|x64.ActiveCfg = Debug|Any CPU
		{A1B2C3D4-E5F6-7890-ABCD-EF1234567890}.Debug|x64.Build.0 = Debug|Any CPU
		{A1B2C3D4-E5F6-7890-ABCD-EF1234567890}.Debug|x86.ActiveCfg = Debug|Any CPU
		{A1B2C3D4-E5F6-7890-ABCD-EF1234567890}.Debug|x86.Build.0 = Debug|Any CPU
		{A1B2C3D4-E5F6-7890-ABCD-EF1234567890}.Release|Any CPU.ActiveCfg = Release|Any CPU
		{A1B2C3D4-E5F6-7890-ABCD-EF1234567890}.Release|Any CPU.Build.0 = Release|Any CPU
		{A1B2C3D4-E5F6-7890-ABCD-EF1234567890}.Release|x64.ActiveCfg = Release|Any CPU
		{A1B2C3D4-E5F6-7890-ABCD-EF1234567890}.Release|x64.Build.0 = Release|Any CPU
		{A1B2C3D4-E5F6-7890-ABCD-EF1234567890}.Release|x86.ActiveCfg = Release|Any CPU
		{A1B2C3D4-E5F6-7890-ABCD-EF1234567890}.Release|x86.Build.0 = Release|Any CPU
		{B9C8D7E6-F5A4-3210-FEDC-BA9876543210}.Debug|Any CPU.ActiveCfg = Debug|Any CPU
		{B9C8D7E6-F5A4-3210-FEDC-BA9876543210}.Debug|Any CPU.Build.0 = Debug|Any CPU
		{B9C8D7E6-F5A4-3210-FEDC-BA9876543210}.Debug|x64.ActiveCfg = Debug|Any CPU
		{B9C8D7E6-F5A4-3210-FEDC-BA9876543210}.Debug|x64.Build.0 = Debug|Any CPU
		{B9C8D7E6-F5A4-3210-FEDC-BA9876543210}.Debug|x86.ActiveCfg = Debug|Any CPU
		{B9C8D7E6-F5A4-3210-FEDC-BA9876543210}.Debug|x86.Build.0 = Debug|Any CPU
		{B9C8D7E6-F5A4-3210-FEDC-BA9876543210}.Release|Any CPU.ActiveCfg = Release|Any CPU
		{B9C8D7E6-F5A4-3210-FEDC-BA9876543210}.Release|Any CPU.Build.0 = Release|Any CPU
		{B9C8D7E6-F5A4-3210-FEDC-BA9876543210}.Release|x64.ActiveCfg = Release|Any CPU
		{B9C8D7E6-F5A4-3210-FEDC-BA9876543210}.Release|x64.Build.0 = Release|Any CPU
		{B9C8D7E6-F5A4-3210-FEDC-BA9876543210}.Release|x86.ActiveCfg = Release|Any CPU
		{B9C8D7E6-F5A4-3210-FEDC-BA9876543210}.Release|x86.Build.0 = Release|Any CPU
		{C2D3E4F5-A6B7-8901-BCDE-F12345678901}.Debug|Any CPU.ActiveCfg = Debug|Any CPU
		{C2D3E4F5-A6B7-8901-BCDE-F12345678901}.Debug|Any CPU.Build.0 = Debug|Any CPU
		{C2D3E4F5-A6B7-8901-BCDE-F12345678901}.Debug|x64.ActiveCfg = Debug|Any CPU
		{C2D3E4F5-A6B7-8901-BCDE-F12345678901}.Debug|x64.Build.0 = Debug|Any CPU
		{C2D3E4F5-A6B7-8901-BCDE-F12345678901}.Debug|x86.ActiveCfg = Debug|Any CPU
		{C2D3E4F5-A6B7-8901-BCDE-F12345678901}.Debug|x86.Build.0 = Debug|Any CPU
		{C2D3E4F5-A6B7-8901-BCDE-F12345678901}.Release|Any CPU.ActiveCfg = Release|Any CPU
		{C2D3E4F5-A6B7-8901-BCDE-F12345678901}.Release|Any CPU.Build.0 = Release|Any CPU
		{C2D3E4F5-A6B7-8901-BCDE-F12345678901}.Release|x64.ActiveCfg = Release|Any CPU
		{C2D3E4F5-A6B7-8901-BCDE-F12345678901}.Release|x64.Build.0 = Release|Any CPU
		{C2D3E4F5-A6B7-8901-BCDE-F12345678901}.Release|x86.ActiveCfg = Release|Any CPU
		{C2D3E4F5-A6B7-8901-BCDE-F12345678901}.Release|x86.Build.0 = Release|Any CPU
		{D3E4F5A6-B7C8-9012-CDEF-123456789012}.Debug|Any CPU.ActiveCfg = Debug|Any CPU
		{D3E4F5A6-B7C8-9012-CDEF-123456789012}.Debug|Any CPU.Build.0 = Debug|Any CPU
		{D3E4F5A6-B7C8-9012-CDEF-123456789012}.Debug|x64.ActiveCfg = Debug|Any CPU
		{D3E4F5A6-B7C8-9012-CDEF-123456789012}.Debug|x64.Build.0 = Debug|Any CPU
		{D3E4F5A6-B7C8-9012-CDEF-123456789012}.Debug|x86.ActiveCfg = Debug|Any CPU
		{D3E4F5A6-B7C8-9012-CDEF-123456789012}.Debug|x86.Build.0 = Debug|Any CPU
		{D3E4F5A6-B7C8-9012-CDEF-123456789012}.Release|Any CPU.ActiveCfg = Release|Any CPU
		{D3E4F5A6-B7C8-9012-CDEF-123456789012}.Release|Any CPU.Build.0 = Release|Any CPU
		{D3E4F5A6-B7C8-9012-CDEF-123456789012}.Release|x64.ActiveCfg = Release|Any CPU
		{D3E4F5A6-B7C8-9012-CDEF-123456789012}.Release|x64.Build.0 = Release|Any CPU
		{D3E4F5A6-B7C8-9012-CDEF-123456789012}.Release|x86.ActiveCfg = Release|Any CPU
		{D3E4F5A6-B7C8-9012-CDEF-123456789012}.Release|x86.Build.0 = Release|Any CPU
	EndGlobalSection
	GlobalSection(SolutionProperties) = preSolution
		HideSolutionNode = FALSE
	EndGlobalSection
	GlobalSection(NestedProjects) = preSolution
		{EDDF32BD-65A9-45FC-9724-E552532EBEAB} = {0AB3BF05-4346-4AA6-1389-037BE0695223}
		{416A798A-0BB7-48AF-9075-737BD228C9FE} = {0AB3BF05-4346-4AA6-1389-037BE0695223}
		{2D46EDE2-95EC-4E63-82BE-872ECAB0871C} = {0AB3BF05-4346-4AA6-1389-037BE0695223}
		{D636314D-8198-4709-AB1D-D8376C58E225} = {0AB3BF05-4346-4AA6-1389-037BE0695223}
		{E221779E-04BC-44E7-862A-6F8B54B01961} = {0AB3BF05-4346-4AA6-1389-037BE0695223}
		{718E23F8-B711-4A3D-B0AE-32C626508B8D} = {0AB3BF05-4346-4AA6-1389-037BE0695223}
		{7CE5714D-549F-4B0A-B2BC-9900D8854807} = {0AB3BF05-4346-4AA6-1389-037BE0695223}
		{006E99E7-BB69-4644-9B02-B388B5CE3AE8} = {0AB3BF05-4346-4AA6-1389-037BE0695223}
		{072D999F-EB6C-43D8-9075-D05DC2E76549} = {0AB3BF05-4346-4AA6-1389-037BE0695223}
		{43C2A6A9-FAC3-428F-A4F8-F4ED53A289CF} = {0AB3BF05-4346-4AA6-1389-037BE0695223}
		{C9CFD2F1-9255-4DE0-9B16-9FAEFA0B449D} = {0AB3BF05-4346-4AA6-1389-037BE0695223}
		{0DC17474-732E-4CF8-9DAC-7976217855AC} = {0AB3BF05-4346-4AA6-1389-037BE0695223}
		{7ECA3397-4005-49BB-B7EE-37FA25D2DAE9} = {0AB3BF05-4346-4AA6-1389-037BE0695223}
		{3972C3A0-22AD-47E0-94A9-242479608AEE} = {0AB3BF05-4346-4AA6-1389-037BE0695223}
		{578C5BFB-B2D3-4E85-AB7B-4C95EDDE3A96} = {0AB3BF05-4346-4AA6-1389-037BE0695223}
		{4A3221D3-88A6-4C74-8C4C-76C0E5595F53} = {0AB3BF05-4346-4AA6-1389-037BE0695223}
		{68DEC7BD-62A9-40F5-8214-9E910FFB6FB5} = {0AB3BF05-4346-4AA6-1389-037BE0695223}
		{B9F1F200-580E-43F3-B057-1668803DC9C3} = {0AB3BF05-4346-4AA6-1389-037BE0695223}
		{B93F5967-D5B3-4A58-88C3-46A58A2EB96D} = {0AB3BF05-4346-4AA6-1389-037BE0695223}
		{832F98A9-CF3E-481C-9E42-DC97D046CC0E} = {0AB3BF05-4346-4AA6-1389-037BE0695223}
		{F1597FA9-C571-4758-BB2F-8373CA33F9F6} = {0AB3BF05-4346-4AA6-1389-037BE0695223}
		{087AB3BF-66D9-412E-A8B8-9C34AD298BE7} = {0AB3BF05-4346-4AA6-1389-037BE0695223}
		{E72FE8D0-2AB0-4504-926E-2996B4669CCE} = {0AB3BF05-4346-4AA6-1389-037BE0695223}
		{DB3F52F3-CEC6-490D-BDC6-0A9ECAD9A0E4} = {0AB3BF05-4346-4AA6-1389-037BE0695223}
		{7A7DD4DB-3EE5-497D-8A1F-AA5C49D8A804} = {0AB3BF05-4346-4AA6-1389-037BE0695223}
		{AD5584F3-8777-448B-ACFC-BD75DC94D3D8} = {0AB3BF05-4346-4AA6-1389-037BE0695223}
		{90606621-4FBA-4384-B8CC-3EDBC5069C84} = {20543853-AF10-B830-2A3D-9FE9F6ECBF6C}
		{1E6E9A48-20C7-2EF8-D783-8F716E272376} = {0AB3BF05-4346-4AA6-1389-037BE0695223}
		{77A30494-63D5-42DD-9EF0-6EBD18712E40} = {1E6E9A48-20C7-2EF8-D783-8F716E272376}
	EndGlobalSection
EndGlobal
